// !$*UTF8*$!
{
	archiveVersion = 1;
	classes = {
	};
	objectVersion = 55;
	objects = {

/* Begin PBXBuildFile section */
		7907A47927B989FC0024FBEC /* PageModel.swift in Sources */ = {isa = PBXBuildFile; fileRef = 7907A47827B989FC0024FBEC /* PageModel.swift */; };
		7907A47D27B98A260024FBEC /* PageImages.swift in Sources */ = {isa = PBXBuildFile; fileRef = 7907A47C27B98A260024FBEC /* PageImages.swift */; };
		7907A47F27B98A370024FBEC /* PageText.swift in Sources */ = {isa = PBXBuildFile; fileRef = 7907A47E27B98A370024FBEC /* PageText.swift */; };
		7907A48127B98A4A0024FBEC /* FairytaleDTO.swift in Sources */ = {isa = PBXBuildFile; fileRef = 7907A48027B98A4A0024FBEC /* FairytaleDTO.swift */; };
		790A49DB27F464BA00B9E7CE /* SubscriptionsCoordinator.swift in Sources */ = {isa = PBXBuildFile; fileRef = 790A49D727F464BA00B9E7CE /* SubscriptionsCoordinator.swift */; };
		790A49DC27F464BA00B9E7CE /* SubscriptionsViewController.swift in Sources */ = {isa = PBXBuildFile; fileRef = 790A49D827F464BA00B9E7CE /* SubscriptionsViewController.swift */; };
		790A49DE27F464BA00B9E7CE /* SubscriptionsViewController.xib in Resources */ = {isa = PBXBuildFile; fileRef = 790A49DA27F464BA00B9E7CE /* SubscriptionsViewController.xib */; };
		792CDFAA27BAF16B00EF21D6 /* video-iphone.mp4 in Resources */ = {isa = PBXBuildFile; fileRef = 792CDFA827BAF16B00EF21D6 /* video-iphone.mp4 */; };
		792CDFAB27BAF16B00EF21D6 /* video-ipad.mp4 in Resources */ = {isa = PBXBuildFile; fileRef = 792CDFA927BAF16B00EF21D6 /* video-ipad.mp4 */; };
		792CDFAD27BAF1C800EF21D6 /* PlayerView.swift in Sources */ = {isa = PBXBuildFile; fileRef = 792CDFAC27BAF1C800EF21D6 /* PlayerView.swift */; };
		793A920027AF5946000F3B0C /* StoryModel.swift in Sources */ = {isa = PBXBuildFile; fileRef = 793A91FF27AF5946000F3B0C /* StoryModel.swift */; };
		793A920227AF804A000F3B0C /* Set+Extensions.swift in Sources */ = {isa = PBXBuildFile; fileRef = 793A920127AF804A000F3B0C /* Set+Extensions.swift */; };
		793A920427AFC22C000F3B0C /* UIFont+Extensions.swift in Sources */ = {isa = PBXBuildFile; fileRef = 793A920327AFC22C000F3B0C /* UIFont+Extensions.swift */; };
		793CA39527AFEFCB005D0B77 /* LaunchAnimationCoordinator.swift in Sources */ = {isa = PBXBuildFile; fileRef = 793CA39127AFEFCB005D0B77 /* LaunchAnimationCoordinator.swift */; };
		793CA39627AFEFCB005D0B77 /* LaunchAnimationViewController.swift in Sources */ = {isa = PBXBuildFile; fileRef = 793CA39227AFEFCB005D0B77 /* LaunchAnimationViewController.swift */; };
		793CA39827AFEFCB005D0B77 /* LaunchAnimationViewController.xib in Resources */ = {isa = PBXBuildFile; fileRef = 793CA39427AFEFCB005D0B77 /* LaunchAnimationViewController.xib */; };
		794609C427BBCA65004CC0BB /* Kingfisher in Frameworks */ = {isa = PBXBuildFile; productRef = 794609C327BBCA65004CC0BB /* Kingfisher */; };
		795EA56927A80A5F0016C417 /* KeyChain.swift in Sources */ = {isa = PBXBuildFile; fileRef = 795EA56727A80A5F0016C417 /* KeyChain.swift */; };
		795EA56A27A80A5F0016C417 /* Obfuscator.swift in Sources */ = {isa = PBXBuildFile; fileRef = 795EA56827A80A5F0016C417 /* Obfuscator.swift */; };
		797D388D27A743CE0047C31B /* ApphudSDK in Frameworks */ = {isa = PBXBuildFile; productRef = 797D388C27A743CE0047C31B /* ApphudSDK */; };
		797D389D27A74D1E0047C31B /* FacebookCore in Frameworks */ = {isa = PBXBuildFile; productRef = 797D389C27A74D1E0047C31B /* FacebookCore */; };
		797D38A027A74F8F0047C31B /* Lottie in Frameworks */ = {isa = PBXBuildFile; productRef = 797D389F27A74F8F0047C31B /* Lottie */; };
		7985DC21279EC6F8005459E0 /* AppDelegate.swift in Sources */ = {isa = PBXBuildFile; fileRef = 7985DC20279EC6F8005459E0 /* AppDelegate.swift */; };
		7985DC23279EC6F8005459E0 /* SceneDelegate.swift in Sources */ = {isa = PBXBuildFile; fileRef = 7985DC22279EC6F8005459E0 /* SceneDelegate.swift */; };
		7985DC2B279EC6F8005459E0 /* Fairytales.xcdatamodeld in Sources */ = {isa = PBXBuildFile; fileRef = 7985DC29279EC6F8005459E0 /* Fairytales.xcdatamodeld */; };
		7985DC2D279EC6F8005459E0 /* Assets.xcassets in Resources */ = {isa = PBXBuildFile; fileRef = 7985DC2C279EC6F8005459E0 /* Assets.xcassets */; };
		7985DC30279EC6F8005459E0 /* LaunchScreen.storyboard in Resources */ = {isa = PBXBuildFile; fileRef = 7985DC2E279EC6F8005459E0 /* LaunchScreen.storyboard */; };
		7985DC3F279EC6F8005459E0 /* CategoriesCoordinator.swift in Sources */ = {isa = PBXBuildFile; fileRef = 7985DC3B279EC6F8005459E0 /* CategoriesCoordinator.swift */; };
		7985DC40279EC6F8005459E0 /* CategoriesViewController.swift in Sources */ = {isa = PBXBuildFile; fileRef = 7985DC3C279EC6F8005459E0 /* CategoriesViewController.swift */; };
		7985DC42279EC6F8005459E0 /* CategoriesViewController.xib in Resources */ = {isa = PBXBuildFile; fileRef = 7985DC3E279EC6F8005459E0 /* CategoriesViewController.xib */; };
		7985DC53279EC6F8005459E0 /* SettingsCoordinator.swift in Sources */ = {isa = PBXBuildFile; fileRef = 7985DC4F279EC6F8005459E0 /* SettingsCoordinator.swift */; };
		7985DC54279EC6F8005459E0 /* SettingsViewController.swift in Sources */ = {isa = PBXBuildFile; fileRef = 7985DC50279EC6F8005459E0 /* SettingsViewController.swift */; };
		7985DC56279EC6F8005459E0 /* SettingsViewController.xib in Resources */ = {isa = PBXBuildFile; fileRef = 7985DC52279EC6F8005459E0 /* SettingsViewController.xib */; };
		7985DC5B279EC6F8005459E0 /* OnboardingCoordinator.swift in Sources */ = {isa = PBXBuildFile; fileRef = 7985DC57279EC6F8005459E0 /* OnboardingCoordinator.swift */; };
		7985DC5C279EC6F8005459E0 /* OnboardingViewController.swift in Sources */ = {isa = PBXBuildFile; fileRef = 7985DC58279EC6F8005459E0 /* OnboardingViewController.swift */; };
		7985DC5E279EC6F8005459E0 /* OnboardingViewController.xib in Resources */ = {isa = PBXBuildFile; fileRef = 7985DC5A279EC6F8005459E0 /* OnboardingViewController.xib */; };
		7985DC65279EC6F8005459E0 /* StoryCoordinator.swift in Sources */ = {isa = PBXBuildFile; fileRef = 7985DC61279EC6F8005459E0 /* StoryCoordinator.swift */; };
		7985DC66279EC6F8005459E0 /* StoryViewController.swift in Sources */ = {isa = PBXBuildFile; fileRef = 7985DC62279EC6F8005459E0 /* StoryViewController.swift */; };
		7985DC68279EC6F8005459E0 /* StoryViewController.xib in Resources */ = {isa = PBXBuildFile; fileRef = 7985DC64279EC6F8005459E0 /* StoryViewController.xib */; };
		7985DC76279EC6F8005459E0 /* ApplicationGlobalConfig.swift in Sources */ = {isa = PBXBuildFile; fileRef = 7985DC74279EC6F8005459E0 /* ApplicationGlobalConfig.swift */; };
		7985DC77279EC6F8005459E0 /* ApplicationCoordinator.swift in Sources */ = {isa = PBXBuildFile; fileRef = 7985DC75279EC6F8005459E0 /* ApplicationCoordinator.swift */; };
		7985DC7B279EC6F8005459E0 /* CustomAlert.xib in Resources */ = {isa = PBXBuildFile; fileRef = 7985DC79279EC6F8005459E0 /* CustomAlert.xib */; };
		7985DC7C279EC6F8005459E0 /* CustomAlert.swift in Sources */ = {isa = PBXBuildFile; fileRef = 7985DC7A279EC6F8005459E0 /* CustomAlert.swift */; };
		7985DC7E279EC6F8005459E0 /* ParticleEmitterView.swift in Sources */ = {isa = PBXBuildFile; fileRef = 7985DC7D279EC6F8005459E0 /* ParticleEmitterView.swift */; };
		7985DC82279EC6F8005459E0 /* SubscriptionPlanPopup.xib in Resources */ = {isa = PBXBuildFile; fileRef = 7985DC80279EC6F8005459E0 /* SubscriptionPlanPopup.xib */; };
		7985DC83279EC6F8005459E0 /* SubscriptionPlanPopup.swift in Sources */ = {isa = PBXBuildFile; fileRef = 7985DC81279EC6F8005459E0 /* SubscriptionPlanPopup.swift */; };
		7985DC85279EC6F8005459E0 /* CirclesActivityIndicator.swift in Sources */ = {isa = PBXBuildFile; fileRef = 7985DC84279EC6F8005459E0 /* CirclesActivityIndicator.swift */; };
		7985DC87279EC6F8005459E0 /* BaseButton.swift in Sources */ = {isa = PBXBuildFile; fileRef = 7985DC86279EC6F8005459E0 /* BaseButton.swift */; };
		7985DC8B279EC6F8005459E0 /* Typealias.swift in Sources */ = {isa = PBXBuildFile; fileRef = 7985DC88279EC6F8005459E0 /* Typealias.swift */; };
		7985DC8C279EC6F8005459E0 /* Constants.swift in Sources */ = {isa = PBXBuildFile; fileRef = 7985DC89279EC6F8005459E0 /* Constants.swift */; };
		7985DC8D279EC6F8005459E0 /* ColorPalette.swift in Sources */ = {isa = PBXBuildFile; fileRef = 7985DC8A279EC6F8005459E0 /* ColorPalette.swift */; };
		7985DC8F279EC6F8005459E0 /* StylingConstants.swift in Sources */ = {isa = PBXBuildFile; fileRef = 7985DC8E279EC6F8005459E0 /* StylingConstants.swift */; };
		7985DCAF279EC6F8005459E0 /* KeyedDecodingContainer+Extensions.swift in Sources */ = {isa = PBXBuildFile; fileRef = 7985DCA0279EC6F8005459E0 /* KeyedDecodingContainer+Extensions.swift */; };
		7985DCB0279EC6F8005459E0 /* UIViewController+Extensions.swift in Sources */ = {isa = PBXBuildFile; fileRef = 7985DCA1279EC6F8005459E0 /* UIViewController+Extensions.swift */; };
		7985DCB1279EC6F8005459E0 /* UIView+Extensions.swift in Sources */ = {isa = PBXBuildFile; fileRef = 7985DCA2279EC6F8005459E0 /* UIView+Extensions.swift */; };
		7985DCB2279EC6F8005459E0 /* String+Extensions.swift in Sources */ = {isa = PBXBuildFile; fileRef = 7985DCA3279EC6F8005459E0 /* String+Extensions.swift */; };
		7985DCB3279EC6F8005459E0 /* UIControl+Extensions.swift in Sources */ = {isa = PBXBuildFile; fileRef = 7985DCA4279EC6F8005459E0 /* UIControl+Extensions.swift */; };
		7985DCB4279EC6F8005459E0 /* UIColor+Extensions.swift in Sources */ = {isa = PBXBuildFile; fileRef = 7985DCA5279EC6F8005459E0 /* UIColor+Extensions.swift */; };
		7985DCB5279EC6F8005459E0 /* UIImage+Extensions.swift in Sources */ = {isa = PBXBuildFile; fileRef = 7985DCA6279EC6F8005459E0 /* UIImage+Extensions.swift */; };
		7985DCB6279EC6F8005459E0 /* UIDevice+Extensions.swift in Sources */ = {isa = PBXBuildFile; fileRef = 7985DCA7279EC6F8005459E0 /* UIDevice+Extensions.swift */; };
		7985DCB7279EC6F8005459E0 /* Publisher+Extensions.swift in Sources */ = {isa = PBXBuildFile; fileRef = 7985DCA8279EC6F8005459E0 /* Publisher+Extensions.swift */; };
		7985DCB9279EC6F8005459E0 /* UIBarButtonItem+Extensions.swift in Sources */ = {isa = PBXBuildFile; fileRef = 7985DCAA279EC6F8005459E0 /* UIBarButtonItem+Extensions.swift */; };
		7985DCBA279EC6F8005459E0 /* NotificationCenter+Extensions.swift in Sources */ = {isa = PBXBuildFile; fileRef = 7985DCAB279EC6F8005459E0 /* NotificationCenter+Extensions.swift */; };
		7985DCBC279EC6F8005459E0 /* Collection+Extensions.swift in Sources */ = {isa = PBXBuildFile; fileRef = 7985DCAD279EC6F8005459E0 /* Collection+Extensions.swift */; };
		7985DCBD279EC6F8005459E0 /* UICollectionView+Extensions.swift in Sources */ = {isa = PBXBuildFile; fileRef = 7985DCAE279EC6F8005459E0 /* UICollectionView+Extensions.swift */; };
		7985DCCB279EC6F8005459E0 /* UserSession.swift in Sources */ = {isa = PBXBuildFile; fileRef = 7985DCC0279EC6F8005459E0 /* UserSession.swift */; };
		7985DCCC279EC6F8005459E0 /* InteractionFeedbackService.swift in Sources */ = {isa = PBXBuildFile; fileRef = 7985DCC1279EC6F8005459E0 /* InteractionFeedbackService.swift */; };
		7985DCCE279EC6F8005459E0 /* OnboardingManager.swift in Sources */ = {isa = PBXBuildFile; fileRef = 7985DCC3279EC6F8005459E0 /* OnboardingManager.swift */; };
		7985DCCF279EC6F8005459E0 /* Purchase.swift in Sources */ = {isa = PBXBuildFile; fileRef = 7985DCC5279EC6F8005459E0 /* Purchase.swift */; };
		7985DCD0279EC6F8005459E0 /* PurchaseService.swift in Sources */ = {isa = PBXBuildFile; fileRef = 7985DCC6279EC6F8005459E0 /* PurchaseService.swift */; };
		7985DCD2279EC6F8005459E0 /* ServicesContainer.swift in Sources */ = {isa = PBXBuildFile; fileRef = 7985DCC8279EC6F8005459E0 /* ServicesContainer.swift */; };
		7985DCD3279EC6F8005459E0 /* AnalyticsService.swift in Sources */ = {isa = PBXBuildFile; fileRef = 7985DCC9279EC6F8005459E0 /* AnalyticsService.swift */; };
		7985DCD7279EC6F8005459E0 /* Logger.swift in Sources */ = {isa = PBXBuildFile; fileRef = 7985DCD5279EC6F8005459E0 /* Logger.swift */; };
		7985DCDB279EC6F8005459E0 /* Coordinatable.swift in Sources */ = {isa = PBXBuildFile; fileRef = 7985DCDA279EC6F8005459E0 /* Coordinatable.swift */; };
		7985DCDD279EC6F8005459E0 /* StorySelectDisplayManager.swift in Sources */ = {isa = PBXBuildFile; fileRef = 7985DCDC279EC6F8005459E0 /* StorySelectDisplayManager.swift */; };
		7985DCE4279EC6F8005459E0 /* CategorySection.swift in Sources */ = {isa = PBXBuildFile; fileRef = 7985DCE3279EC6F8005459E0 /* CategorySection.swift */; };
		7985DCF927A151A9005459E0 /* WebscreenCoordinator.swift in Sources */ = {isa = PBXBuildFile; fileRef = 7985DCF527A151A9005459E0 /* WebscreenCoordinator.swift */; };
		7985DCFA27A151A9005459E0 /* WebscreenViewController.swift in Sources */ = {isa = PBXBuildFile; fileRef = 7985DCF627A151A9005459E0 /* WebscreenViewController.swift */; };
		7985DCFB27A151A9005459E0 /* WebscreenViewModel.swift in Sources */ = {isa = PBXBuildFile; fileRef = 7985DCF727A151A9005459E0 /* WebscreenViewModel.swift */; };
		7985DCFC27A151A9005459E0 /* WebscreenViewController.xib in Resources */ = {isa = PBXBuildFile; fileRef = 7985DCF827A151A9005459E0 /* WebscreenViewController.xib */; };
		79878EEC27C3AD9F008DBD86 /* GenderSelectCoordinator.swift in Sources */ = {isa = PBXBuildFile; fileRef = 79878EEB27C3AD9F008DBD86 /* GenderSelectCoordinator.swift */; };
		79878EF027C3AEA0008DBD86 /* GenderSelectViewController.swift in Sources */ = {isa = PBXBuildFile; fileRef = 79878EED27C3AEA0008DBD86 /* GenderSelectViewController.swift */; };
		79878EF227C3AEA0008DBD86 /* GenderSelectViewController.xib in Resources */ = {isa = PBXBuildFile; fileRef = 79878EEF27C3AEA0008DBD86 /* GenderSelectViewController.xib */; };
		79878EF427C53B50008DBD86 /* StoryTextFormatter.swift in Sources */ = {isa = PBXBuildFile; fileRef = 79878EF327C53B50008DBD86 /* StoryTextFormatter.swift */; };
		79878EF627C550CF008DBD86 /* UserDefaultsWrapper.swift in Sources */ = {isa = PBXBuildFile; fileRef = 79878EF527C550CF008DBD86 /* UserDefaultsWrapper.swift */; };
		79958CFF27A75B2200A32E5A /* StorySelectCoordinator.swift in Sources */ = {isa = PBXBuildFile; fileRef = 79958CFB27A75B2200A32E5A /* StorySelectCoordinator.swift */; };
		79958D0027A75B2200A32E5A /* StorySelectViewController.swift in Sources */ = {isa = PBXBuildFile; fileRef = 79958CFC27A75B2200A32E5A /* StorySelectViewController.swift */; };
		79958D0227A75B2200A32E5A /* StorySelectViewController.xib in Resources */ = {isa = PBXBuildFile; fileRef = 79958CFE27A75B2200A32E5A /* StorySelectViewController.xib */; };
		79958D0E27A75C4E00A32E5A /* StorySelectionCell.swift in Sources */ = {isa = PBXBuildFile; fileRef = 79958D0C27A75C4E00A32E5A /* StorySelectionCell.swift */; };
		79958D0F27A75C4E00A32E5A /* StorySelectionCell.xib in Resources */ = {isa = PBXBuildFile; fileRef = 79958D0D27A75C4E00A32E5A /* StorySelectionCell.xib */; };
		79958D1827A764F300A32E5A /* BaseViewController.swift in Sources */ = {isa = PBXBuildFile; fileRef = 79958D1727A764F300A32E5A /* BaseViewController.swift */; };
		79958D1B27A766E400A32E5A /* EventsAcceptable.swift in Sources */ = {isa = PBXBuildFile; fileRef = 79958D1A27A766E400A32E5A /* EventsAcceptable.swift */; };
		79958D1F27A76A1200A32E5A /* StateHandable.swift in Sources */ = {isa = PBXBuildFile; fileRef = 79958D1E27A76A1200A32E5A /* StateHandable.swift */; };
		79958D2127A76B0300A32E5A /* EventTransmittable.swift in Sources */ = {isa = PBXBuildFile; fileRef = 79958D2027A76B0300A32E5A /* EventTransmittable.swift */; };
		79958D2327A76B3B00A32E5A /* EventRepresentable.swift in Sources */ = {isa = PBXBuildFile; fileRef = 79958D2227A76B3B00A32E5A /* EventRepresentable.swift */; };
		79958D2527A76BE400A32E5A /* BaseState.swift in Sources */ = {isa = PBXBuildFile; fileRef = 79958D2427A76BE400A32E5A /* BaseState.swift */; };
		79958D2727A76FFA00A32E5A /* LifecycleTransmittable.swift in Sources */ = {isa = PBXBuildFile; fileRef = 79958D2627A76FFA00A32E5A /* LifecycleTransmittable.swift */; };
		79958D2927A775B600A32E5A /* SubscriptionsDisposable.swift in Sources */ = {isa = PBXBuildFile; fileRef = 79958D2827A775B600A32E5A /* SubscriptionsDisposable.swift */; };
		79958D2B27A7770500A32E5A /* CoordinatorPreservable.swift in Sources */ = {isa = PBXBuildFile; fileRef = 79958D2A27A7770500A32E5A /* CoordinatorPreservable.swift */; };
		79958D2D27A7846B00A32E5A /* GoogleService-Info.plist in Resources */ = {isa = PBXBuildFile; fileRef = 79958D2C27A7846B00A32E5A /* GoogleService-Info.plist */; };
		79958D4827A7AAC000A32E5A /* Lato-Thin.ttf in Resources */ = {isa = PBXBuildFile; fileRef = 79958D3427A7AAC000A32E5A /* Lato-Thin.ttf */; };
		79958D4927A7AAC000A32E5A /* Lato-Bold.ttf in Resources */ = {isa = PBXBuildFile; fileRef = 79958D3527A7AAC000A32E5A /* Lato-Bold.ttf */; };
		79958D4A27A7AAC000A32E5A /* Lato-Black.ttf in Resources */ = {isa = PBXBuildFile; fileRef = 79958D3627A7AAC000A32E5A /* Lato-Black.ttf */; };
		79958D4B27A7AAC000A32E5A /* Lato-ExtraBold.ttf in Resources */ = {isa = PBXBuildFile; fileRef = 79958D3727A7AAC000A32E5A /* Lato-ExtraBold.ttf */; };
		79958D4C27A7AAC000A32E5A /* COPYRIGHT.txt in Resources */ = {isa = PBXBuildFile; fileRef = 79958D3827A7AAC000A32E5A /* COPYRIGHT.txt */; };
		79958D4E27A7AAC000A32E5A /* Lato-Regular.ttf in Resources */ = {isa = PBXBuildFile; fileRef = 79958D3A27A7AAC000A32E5A /* Lato-Regular.ttf */; };
		79958D5127A7AAC000A32E5A /* Lato-SemiBold.ttf in Resources */ = {isa = PBXBuildFile; fileRef = 79958D3D27A7AAC000A32E5A /* Lato-SemiBold.ttf */; };
		79958D5527A7AAC000A32E5A /* Lato-Light.ttf in Resources */ = {isa = PBXBuildFile; fileRef = 79958D4127A7AAC000A32E5A /* Lato-Light.ttf */; };
		79958D5627A7AAC000A32E5A /* Lato-Medium.ttf in Resources */ = {isa = PBXBuildFile; fileRef = 79958D4227A7AAC000A32E5A /* Lato-Medium.ttf */; };
		79958D5827A7AAC000A32E5A /* LICENSE.txt in Resources */ = {isa = PBXBuildFile; fileRef = 79958D4427A7AAC000A32E5A /* LICENSE.txt */; };
		79958D5927A7AAC000A32E5A /* Lato-ExtraLight.ttf in Resources */ = {isa = PBXBuildFile; fileRef = 79958D4527A7AAC000A32E5A /* Lato-ExtraLight.ttf */; };
		79958D5B27A7C31200A32E5A /* UIButton+Extensions.swift in Sources */ = {isa = PBXBuildFile; fileRef = 79958D5A27A7C31200A32E5A /* UIButton+Extensions.swift */; };
		79958D5D27A7C35900A32E5A /* UILabel+Extensions.swift in Sources */ = {isa = PBXBuildFile; fileRef = 79958D5C27A7C35900A32E5A /* UILabel+Extensions.swift */; };
		79958D6027A7C40A00A32E5A /* LocalizedStringID.swift in Sources */ = {isa = PBXBuildFile; fileRef = 79958D5F27A7C40A00A32E5A /* LocalizedStringID.swift */; };
		799E809727AC272B00ABE0C8 /* iCarousel.m in Sources */ = {isa = PBXBuildFile; fileRef = 799E809527AC272A00ABE0C8 /* iCarousel.m */; };
		799E809B27AC38F600ABE0C8 /* CarouselItemView.xib in Resources */ = {isa = PBXBuildFile; fileRef = 799E809A27AC38F600ABE0C8 /* CarouselItemView.xib */; };
		799E809D27AC391400ABE0C8 /* CarouselItemView.swift in Sources */ = {isa = PBXBuildFile; fileRef = 799E809C27AC391400ABE0C8 /* CarouselItemView.swift */; };
		79A7A31027B4CB9800F547D0 /* FirebaseClient.swift in Sources */ = {isa = PBXBuildFile; fileRef = 79A7A30F27B4CB9800F547D0 /* FirebaseClient.swift */; };
		79B2A6B827B99BA700188BC1 /* CategoryDTO.swift in Sources */ = {isa = PBXBuildFile; fileRef = 79B2A6B727B99BA700188BC1 /* CategoryDTO.swift */; };
		79B2A6C327B9ECE100188BC1 /* FirebaseAuthCombine-Community in Frameworks */ = {isa = PBXBuildFile; productRef = 79B2A6C227B9ECE100188BC1 /* FirebaseAuthCombine-Community */; };
		79B2A6C527B9ECE100188BC1 /* FirebaseFirestoreCombine-Community in Frameworks */ = {isa = PBXBuildFile; productRef = 79B2A6C427B9ECE100188BC1 /* FirebaseFirestoreCombine-Community */; };
		79B2A6C727B9ECE100188BC1 /* FirebaseStorageCombine-Community in Frameworks */ = {isa = PBXBuildFile; productRef = 79B2A6C627B9ECE100188BC1 /* FirebaseStorageCombine-Community */; };
		79B2A6C927B9F41D00188BC1 /* Scheduler.swift in Sources */ = {isa = PBXBuildFile; fileRef = 79B2A6C827B9F41D00188BC1 /* Scheduler.swift */; };
		79B2A6CE27B9F69000188BC1 /* ImageLoader.swift in Sources */ = {isa = PBXBuildFile; fileRef = 79B2A6CB27B9F69000188BC1 /* ImageLoader.swift */; };
		79B2A6CF27B9F69000188BC1 /* RequestError.swift in Sources */ = {isa = PBXBuildFile; fileRef = 79B2A6CC27B9F69000188BC1 /* RequestError.swift */; };
/* End PBXBuildFile section */

/* Begin PBXFileReference section */
		7907A47827B989FC0024FBEC /* PageModel.swift */ = {isa = PBXFileReference; lastKnownFileType = sourcecode.swift; path = PageModel.swift; sourceTree = "<group>"; };
		7907A47C27B98A260024FBEC /* PageImages.swift */ = {isa = PBXFileReference; lastKnownFileType = sourcecode.swift; path = PageImages.swift; sourceTree = "<group>"; };
		7907A47E27B98A370024FBEC /* PageText.swift */ = {isa = PBXFileReference; lastKnownFileType = sourcecode.swift; path = PageText.swift; sourceTree = "<group>"; };
		7907A48027B98A4A0024FBEC /* FairytaleDTO.swift */ = {isa = PBXFileReference; lastKnownFileType = sourcecode.swift; path = FairytaleDTO.swift; sourceTree = "<group>"; };
		790A49D727F464BA00B9E7CE /* SubscriptionsCoordinator.swift */ = {isa = PBXFileReference; lastKnownFileType = sourcecode.swift; path = SubscriptionsCoordinator.swift; sourceTree = "<group>"; };
		790A49D827F464BA00B9E7CE /* SubscriptionsViewController.swift */ = {isa = PBXFileReference; lastKnownFileType = sourcecode.swift; path = SubscriptionsViewController.swift; sourceTree = "<group>"; };
		790A49DA27F464BA00B9E7CE /* SubscriptionsViewController.xib */ = {isa = PBXFileReference; lastKnownFileType = file.xib; path = SubscriptionsViewController.xib; sourceTree = "<group>"; };
		792CDFA827BAF16B00EF21D6 /* video-iphone.mp4 */ = {isa = PBXFileReference; lastKnownFileType = file; path = "video-iphone.mp4"; sourceTree = "<group>"; };
		792CDFA927BAF16B00EF21D6 /* video-ipad.mp4 */ = {isa = PBXFileReference; lastKnownFileType = file; path = "video-ipad.mp4"; sourceTree = "<group>"; };
		792CDFAC27BAF1C800EF21D6 /* PlayerView.swift */ = {isa = PBXFileReference; lastKnownFileType = sourcecode.swift; path = PlayerView.swift; sourceTree = "<group>"; };
		793A91FF27AF5946000F3B0C /* StoryModel.swift */ = {isa = PBXFileReference; lastKnownFileType = sourcecode.swift; path = StoryModel.swift; sourceTree = "<group>"; };
		793A920127AF804A000F3B0C /* Set+Extensions.swift */ = {isa = PBXFileReference; lastKnownFileType = sourcecode.swift; path = "Set+Extensions.swift"; sourceTree = "<group>"; };
		793A920327AFC22C000F3B0C /* UIFont+Extensions.swift */ = {isa = PBXFileReference; lastKnownFileType = sourcecode.swift; path = "UIFont+Extensions.swift"; sourceTree = "<group>"; };
		793CA39127AFEFCB005D0B77 /* LaunchAnimationCoordinator.swift */ = {isa = PBXFileReference; lastKnownFileType = sourcecode.swift; path = LaunchAnimationCoordinator.swift; sourceTree = "<group>"; };
		793CA39227AFEFCB005D0B77 /* LaunchAnimationViewController.swift */ = {isa = PBXFileReference; lastKnownFileType = sourcecode.swift; path = LaunchAnimationViewController.swift; sourceTree = "<group>"; };
		793CA39427AFEFCB005D0B77 /* LaunchAnimationViewController.xib */ = {isa = PBXFileReference; lastKnownFileType = file.xib; path = LaunchAnimationViewController.xib; sourceTree = "<group>"; };
		795EA56727A80A5F0016C417 /* KeyChain.swift */ = {isa = PBXFileReference; fileEncoding = 4; lastKnownFileType = sourcecode.swift; path = KeyChain.swift; sourceTree = "<group>"; };
		795EA56827A80A5F0016C417 /* Obfuscator.swift */ = {isa = PBXFileReference; fileEncoding = 4; lastKnownFileType = sourcecode.swift; path = Obfuscator.swift; sourceTree = "<group>"; };
		7985DC1D279EC6F8005459E0 /* Fairytales.app */ = {isa = PBXFileReference; explicitFileType = wrapper.application; includeInIndex = 0; path = Fairytales.app; sourceTree = BUILT_PRODUCTS_DIR; };
		7985DC20279EC6F8005459E0 /* AppDelegate.swift */ = {isa = PBXFileReference; lastKnownFileType = sourcecode.swift; path = AppDelegate.swift; sourceTree = "<group>"; };
		7985DC22279EC6F8005459E0 /* SceneDelegate.swift */ = {isa = PBXFileReference; lastKnownFileType = sourcecode.swift; path = SceneDelegate.swift; sourceTree = "<group>"; };
		7985DC2A279EC6F8005459E0 /* Fairytales.xcdatamodel */ = {isa = PBXFileReference; lastKnownFileType = wrapper.xcdatamodel; path = Fairytales.xcdatamodel; sourceTree = "<group>"; };
		7985DC2C279EC6F8005459E0 /* Assets.xcassets */ = {isa = PBXFileReference; lastKnownFileType = folder.assetcatalog; path = Assets.xcassets; sourceTree = "<group>"; };
		7985DC2F279EC6F8005459E0 /* Base */ = {isa = PBXFileReference; lastKnownFileType = file.storyboard; name = Base; path = Base.lproj/LaunchScreen.storyboard; sourceTree = "<group>"; };
		7985DC31279EC6F8005459E0 /* Info.plist */ = {isa = PBXFileReference; lastKnownFileType = text.plist.xml; path = Info.plist; sourceTree = "<group>"; };
		7985DC3B279EC6F8005459E0 /* CategoriesCoordinator.swift */ = {isa = PBXFileReference; lastKnownFileType = sourcecode.swift; path = CategoriesCoordinator.swift; sourceTree = "<group>"; };
		7985DC3C279EC6F8005459E0 /* CategoriesViewController.swift */ = {isa = PBXFileReference; lastKnownFileType = sourcecode.swift; path = CategoriesViewController.swift; sourceTree = "<group>"; };
		7985DC3E279EC6F8005459E0 /* CategoriesViewController.xib */ = {isa = PBXFileReference; lastKnownFileType = file.xib; path = CategoriesViewController.xib; sourceTree = "<group>"; };
		7985DC4F279EC6F8005459E0 /* SettingsCoordinator.swift */ = {isa = PBXFileReference; lastKnownFileType = sourcecode.swift; path = SettingsCoordinator.swift; sourceTree = "<group>"; };
		7985DC50279EC6F8005459E0 /* SettingsViewController.swift */ = {isa = PBXFileReference; lastKnownFileType = sourcecode.swift; path = SettingsViewController.swift; sourceTree = "<group>"; };
		7985DC52279EC6F8005459E0 /* SettingsViewController.xib */ = {isa = PBXFileReference; lastKnownFileType = file.xib; path = SettingsViewController.xib; sourceTree = "<group>"; };
		7985DC57279EC6F8005459E0 /* OnboardingCoordinator.swift */ = {isa = PBXFileReference; lastKnownFileType = sourcecode.swift; path = OnboardingCoordinator.swift; sourceTree = "<group>"; };
		7985DC58279EC6F8005459E0 /* OnboardingViewController.swift */ = {isa = PBXFileReference; lastKnownFileType = sourcecode.swift; path = OnboardingViewController.swift; sourceTree = "<group>"; };
		7985DC5A279EC6F8005459E0 /* OnboardingViewController.xib */ = {isa = PBXFileReference; lastKnownFileType = file.xib; path = OnboardingViewController.xib; sourceTree = "<group>"; };
		7985DC61279EC6F8005459E0 /* StoryCoordinator.swift */ = {isa = PBXFileReference; lastKnownFileType = sourcecode.swift; path = StoryCoordinator.swift; sourceTree = "<group>"; };
		7985DC62279EC6F8005459E0 /* StoryViewController.swift */ = {isa = PBXFileReference; lastKnownFileType = sourcecode.swift; path = StoryViewController.swift; sourceTree = "<group>"; };
		7985DC64279EC6F8005459E0 /* StoryViewController.xib */ = {isa = PBXFileReference; lastKnownFileType = file.xib; path = StoryViewController.xib; sourceTree = "<group>"; };
		7985DC74279EC6F8005459E0 /* ApplicationGlobalConfig.swift */ = {isa = PBXFileReference; fileEncoding = 4; lastKnownFileType = sourcecode.swift; path = ApplicationGlobalConfig.swift; sourceTree = "<group>"; };
		7985DC75279EC6F8005459E0 /* ApplicationCoordinator.swift */ = {isa = PBXFileReference; fileEncoding = 4; lastKnownFileType = sourcecode.swift; path = ApplicationCoordinator.swift; sourceTree = "<group>"; };
		7985DC79279EC6F8005459E0 /* CustomAlert.xib */ = {isa = PBXFileReference; fileEncoding = 4; lastKnownFileType = file.xib; path = CustomAlert.xib; sourceTree = "<group>"; };
		7985DC7A279EC6F8005459E0 /* CustomAlert.swift */ = {isa = PBXFileReference; fileEncoding = 4; lastKnownFileType = sourcecode.swift; path = CustomAlert.swift; sourceTree = "<group>"; };
		7985DC7D279EC6F8005459E0 /* ParticleEmitterView.swift */ = {isa = PBXFileReference; fileEncoding = 4; lastKnownFileType = sourcecode.swift; path = ParticleEmitterView.swift; sourceTree = "<group>"; };
		7985DC80279EC6F8005459E0 /* SubscriptionPlanPopup.xib */ = {isa = PBXFileReference; fileEncoding = 4; lastKnownFileType = file.xib; path = SubscriptionPlanPopup.xib; sourceTree = "<group>"; };
		7985DC81279EC6F8005459E0 /* SubscriptionPlanPopup.swift */ = {isa = PBXFileReference; fileEncoding = 4; lastKnownFileType = sourcecode.swift; path = SubscriptionPlanPopup.swift; sourceTree = "<group>"; };
		7985DC84279EC6F8005459E0 /* CirclesActivityIndicator.swift */ = {isa = PBXFileReference; fileEncoding = 4; lastKnownFileType = sourcecode.swift; path = CirclesActivityIndicator.swift; sourceTree = "<group>"; };
		7985DC86279EC6F8005459E0 /* BaseButton.swift */ = {isa = PBXFileReference; fileEncoding = 4; lastKnownFileType = sourcecode.swift; path = BaseButton.swift; sourceTree = "<group>"; };
		7985DC88279EC6F8005459E0 /* Typealias.swift */ = {isa = PBXFileReference; fileEncoding = 4; lastKnownFileType = sourcecode.swift; path = Typealias.swift; sourceTree = "<group>"; };
		7985DC89279EC6F8005459E0 /* Constants.swift */ = {isa = PBXFileReference; fileEncoding = 4; lastKnownFileType = sourcecode.swift; path = Constants.swift; sourceTree = "<group>"; };
		7985DC8A279EC6F8005459E0 /* ColorPalette.swift */ = {isa = PBXFileReference; fileEncoding = 4; lastKnownFileType = sourcecode.swift; path = ColorPalette.swift; sourceTree = "<group>"; };
		7985DC8E279EC6F8005459E0 /* StylingConstants.swift */ = {isa = PBXFileReference; fileEncoding = 4; lastKnownFileType = sourcecode.swift; path = StylingConstants.swift; sourceTree = "<group>"; };
		7985DC98279EC6F8005459E0 /* ___FILEBASENAME___Coordinator.swift */ = {isa = PBXFileReference; lastKnownFileType = sourcecode.swift; path = "___FILEBASENAME___Coordinator.swift"; sourceTree = "<group>"; };
		7985DC99279EC6F8005459E0 /* TemplateIcon@2x.png */ = {isa = PBXFileReference; lastKnownFileType = image.png; path = "TemplateIcon@2x.png"; sourceTree = "<group>"; };
		7985DC9A279EC6F8005459E0 /* ___FILEBASENAME___ViewController.swift */ = {isa = PBXFileReference; lastKnownFileType = sourcecode.swift; path = "___FILEBASENAME___ViewController.swift"; sourceTree = "<group>"; };
		7985DC9B279EC6F8005459E0 /* ___FILEBASENAME___ViewModel.swift */ = {isa = PBXFileReference; lastKnownFileType = sourcecode.swift; path = "___FILEBASENAME___ViewModel.swift"; sourceTree = "<group>"; };
		7985DC9C279EC6F8005459E0 /* ___FILEBASENAME___ViewController.xib */ = {isa = PBXFileReference; lastKnownFileType = file.xib; path = "___FILEBASENAME___ViewController.xib"; sourceTree = "<group>"; };
		7985DC9D279EC6F8005459E0 /* TemplateIcon.png */ = {isa = PBXFileReference; lastKnownFileType = image.png; path = TemplateIcon.png; sourceTree = "<group>"; };
		7985DC9E279EC6F8005459E0 /* TemplateInfo.plist */ = {isa = PBXFileReference; lastKnownFileType = text.plist.xml; path = TemplateInfo.plist; sourceTree = "<group>"; };
		7985DCA0279EC6F8005459E0 /* KeyedDecodingContainer+Extensions.swift */ = {isa = PBXFileReference; fileEncoding = 4; lastKnownFileType = sourcecode.swift; path = "KeyedDecodingContainer+Extensions.swift"; sourceTree = "<group>"; };
		7985DCA1279EC6F8005459E0 /* UIViewController+Extensions.swift */ = {isa = PBXFileReference; fileEncoding = 4; lastKnownFileType = sourcecode.swift; path = "UIViewController+Extensions.swift"; sourceTree = "<group>"; };
		7985DCA2279EC6F8005459E0 /* UIView+Extensions.swift */ = {isa = PBXFileReference; fileEncoding = 4; lastKnownFileType = sourcecode.swift; path = "UIView+Extensions.swift"; sourceTree = "<group>"; };
		7985DCA3279EC6F8005459E0 /* String+Extensions.swift */ = {isa = PBXFileReference; fileEncoding = 4; lastKnownFileType = sourcecode.swift; path = "String+Extensions.swift"; sourceTree = "<group>"; };
		7985DCA4279EC6F8005459E0 /* UIControl+Extensions.swift */ = {isa = PBXFileReference; fileEncoding = 4; lastKnownFileType = sourcecode.swift; path = "UIControl+Extensions.swift"; sourceTree = "<group>"; };
		7985DCA5279EC6F8005459E0 /* UIColor+Extensions.swift */ = {isa = PBXFileReference; fileEncoding = 4; lastKnownFileType = sourcecode.swift; path = "UIColor+Extensions.swift"; sourceTree = "<group>"; };
		7985DCA6279EC6F8005459E0 /* UIImage+Extensions.swift */ = {isa = PBXFileReference; fileEncoding = 4; lastKnownFileType = sourcecode.swift; path = "UIImage+Extensions.swift"; sourceTree = "<group>"; };
		7985DCA7279EC6F8005459E0 /* UIDevice+Extensions.swift */ = {isa = PBXFileReference; fileEncoding = 4; lastKnownFileType = sourcecode.swift; path = "UIDevice+Extensions.swift"; sourceTree = "<group>"; };
		7985DCA8279EC6F8005459E0 /* Publisher+Extensions.swift */ = {isa = PBXFileReference; fileEncoding = 4; lastKnownFileType = sourcecode.swift; path = "Publisher+Extensions.swift"; sourceTree = "<group>"; };
		7985DCAA279EC6F8005459E0 /* UIBarButtonItem+Extensions.swift */ = {isa = PBXFileReference; fileEncoding = 4; lastKnownFileType = sourcecode.swift; path = "UIBarButtonItem+Extensions.swift"; sourceTree = "<group>"; };
		7985DCAB279EC6F8005459E0 /* NotificationCenter+Extensions.swift */ = {isa = PBXFileReference; fileEncoding = 4; lastKnownFileType = sourcecode.swift; path = "NotificationCenter+Extensions.swift"; sourceTree = "<group>"; };
		7985DCAD279EC6F8005459E0 /* Collection+Extensions.swift */ = {isa = PBXFileReference; fileEncoding = 4; lastKnownFileType = sourcecode.swift; path = "Collection+Extensions.swift"; sourceTree = "<group>"; };
		7985DCAE279EC6F8005459E0 /* UICollectionView+Extensions.swift */ = {isa = PBXFileReference; fileEncoding = 4; lastKnownFileType = sourcecode.swift; path = "UICollectionView+Extensions.swift"; sourceTree = "<group>"; };
		7985DCC0279EC6F8005459E0 /* UserSession.swift */ = {isa = PBXFileReference; fileEncoding = 4; lastKnownFileType = sourcecode.swift; path = UserSession.swift; sourceTree = "<group>"; };
		7985DCC1279EC6F8005459E0 /* InteractionFeedbackService.swift */ = {isa = PBXFileReference; fileEncoding = 4; lastKnownFileType = sourcecode.swift; path = InteractionFeedbackService.swift; sourceTree = "<group>"; };
		7985DCC3279EC6F8005459E0 /* OnboardingManager.swift */ = {isa = PBXFileReference; fileEncoding = 4; lastKnownFileType = sourcecode.swift; path = OnboardingManager.swift; sourceTree = "<group>"; };
		7985DCC5279EC6F8005459E0 /* Purchase.swift */ = {isa = PBXFileReference; fileEncoding = 4; lastKnownFileType = sourcecode.swift; path = Purchase.swift; sourceTree = "<group>"; };
		7985DCC6279EC6F8005459E0 /* PurchaseService.swift */ = {isa = PBXFileReference; fileEncoding = 4; lastKnownFileType = sourcecode.swift; path = PurchaseService.swift; sourceTree = "<group>"; };
		7985DCC8279EC6F8005459E0 /* ServicesContainer.swift */ = {isa = PBXFileReference; fileEncoding = 4; lastKnownFileType = sourcecode.swift; path = ServicesContainer.swift; sourceTree = "<group>"; };
		7985DCC9279EC6F8005459E0 /* AnalyticsService.swift */ = {isa = PBXFileReference; fileEncoding = 4; lastKnownFileType = sourcecode.swift; path = AnalyticsService.swift; sourceTree = "<group>"; };
		7985DCD5279EC6F8005459E0 /* Logger.swift */ = {isa = PBXFileReference; fileEncoding = 4; lastKnownFileType = sourcecode.swift; path = Logger.swift; sourceTree = "<group>"; };
		7985DCDA279EC6F8005459E0 /* Coordinatable.swift */ = {isa = PBXFileReference; fileEncoding = 4; lastKnownFileType = sourcecode.swift; path = Coordinatable.swift; sourceTree = "<group>"; };
		7985DCDC279EC6F8005459E0 /* StorySelectDisplayManager.swift */ = {isa = PBXFileReference; fileEncoding = 4; lastKnownFileType = sourcecode.swift; path = StorySelectDisplayManager.swift; sourceTree = "<group>"; };
		7985DCE3279EC6F8005459E0 /* CategorySection.swift */ = {isa = PBXFileReference; lastKnownFileType = sourcecode.swift; path = CategorySection.swift; sourceTree = "<group>"; };
		7985DCF527A151A9005459E0 /* WebscreenCoordinator.swift */ = {isa = PBXFileReference; lastKnownFileType = sourcecode.swift; path = WebscreenCoordinator.swift; sourceTree = "<group>"; };
		7985DCF627A151A9005459E0 /* WebscreenViewController.swift */ = {isa = PBXFileReference; lastKnownFileType = sourcecode.swift; path = WebscreenViewController.swift; sourceTree = "<group>"; };
		7985DCF727A151A9005459E0 /* WebscreenViewModel.swift */ = {isa = PBXFileReference; lastKnownFileType = sourcecode.swift; path = WebscreenViewModel.swift; sourceTree = "<group>"; };
		7985DCF827A151A9005459E0 /* WebscreenViewController.xib */ = {isa = PBXFileReference; lastKnownFileType = file.xib; path = WebscreenViewController.xib; sourceTree = "<group>"; };
		79878EEB27C3AD9F008DBD86 /* GenderSelectCoordinator.swift */ = {isa = PBXFileReference; lastKnownFileType = sourcecode.swift; path = GenderSelectCoordinator.swift; sourceTree = "<group>"; };
		79878EED27C3AEA0008DBD86 /* GenderSelectViewController.swift */ = {isa = PBXFileReference; lastKnownFileType = sourcecode.swift; path = GenderSelectViewController.swift; sourceTree = "<group>"; };
		79878EEF27C3AEA0008DBD86 /* GenderSelectViewController.xib */ = {isa = PBXFileReference; lastKnownFileType = file.xib; path = GenderSelectViewController.xib; sourceTree = "<group>"; };
		79878EF327C53B50008DBD86 /* StoryTextFormatter.swift */ = {isa = PBXFileReference; lastKnownFileType = sourcecode.swift; path = StoryTextFormatter.swift; sourceTree = "<group>"; };
		79878EF527C550CF008DBD86 /* UserDefaultsWrapper.swift */ = {isa = PBXFileReference; lastKnownFileType = sourcecode.swift; path = UserDefaultsWrapper.swift; sourceTree = "<group>"; };
		79958CFB27A75B2200A32E5A /* StorySelectCoordinator.swift */ = {isa = PBXFileReference; lastKnownFileType = sourcecode.swift; path = StorySelectCoordinator.swift; sourceTree = "<group>"; };
		79958CFC27A75B2200A32E5A /* StorySelectViewController.swift */ = {isa = PBXFileReference; lastKnownFileType = sourcecode.swift; path = StorySelectViewController.swift; sourceTree = "<group>"; };
		79958CFE27A75B2200A32E5A /* StorySelectViewController.xib */ = {isa = PBXFileReference; lastKnownFileType = file.xib; path = StorySelectViewController.xib; sourceTree = "<group>"; };
		79958D0C27A75C4E00A32E5A /* StorySelectionCell.swift */ = {isa = PBXFileReference; lastKnownFileType = sourcecode.swift; path = StorySelectionCell.swift; sourceTree = "<group>"; };
		79958D0D27A75C4E00A32E5A /* StorySelectionCell.xib */ = {isa = PBXFileReference; lastKnownFileType = file.xib; path = StorySelectionCell.xib; sourceTree = "<group>"; };
		79958D1727A764F300A32E5A /* BaseViewController.swift */ = {isa = PBXFileReference; lastKnownFileType = sourcecode.swift; path = BaseViewController.swift; sourceTree = "<group>"; };
		79958D1A27A766E400A32E5A /* EventsAcceptable.swift */ = {isa = PBXFileReference; lastKnownFileType = sourcecode.swift; path = EventsAcceptable.swift; sourceTree = "<group>"; };
		79958D1E27A76A1200A32E5A /* StateHandable.swift */ = {isa = PBXFileReference; lastKnownFileType = sourcecode.swift; path = StateHandable.swift; sourceTree = "<group>"; };
		79958D2027A76B0300A32E5A /* EventTransmittable.swift */ = {isa = PBXFileReference; lastKnownFileType = sourcecode.swift; path = EventTransmittable.swift; sourceTree = "<group>"; };
		79958D2227A76B3B00A32E5A /* EventRepresentable.swift */ = {isa = PBXFileReference; lastKnownFileType = sourcecode.swift; path = EventRepresentable.swift; sourceTree = "<group>"; };
		79958D2427A76BE400A32E5A /* BaseState.swift */ = {isa = PBXFileReference; lastKnownFileType = sourcecode.swift; path = BaseState.swift; sourceTree = "<group>"; };
		79958D2627A76FFA00A32E5A /* LifecycleTransmittable.swift */ = {isa = PBXFileReference; lastKnownFileType = sourcecode.swift; path = LifecycleTransmittable.swift; sourceTree = "<group>"; };
		79958D2827A775B600A32E5A /* SubscriptionsDisposable.swift */ = {isa = PBXFileReference; lastKnownFileType = sourcecode.swift; path = SubscriptionsDisposable.swift; sourceTree = "<group>"; };
		79958D2A27A7770500A32E5A /* CoordinatorPreservable.swift */ = {isa = PBXFileReference; lastKnownFileType = sourcecode.swift; path = CoordinatorPreservable.swift; sourceTree = "<group>"; };
		79958D2C27A7846B00A32E5A /* GoogleService-Info.plist */ = {isa = PBXFileReference; fileEncoding = 4; lastKnownFileType = text.plist.xml; path = "GoogleService-Info.plist"; sourceTree = "<group>"; };
		79958D3427A7AAC000A32E5A /* Lato-Thin.ttf */ = {isa = PBXFileReference; lastKnownFileType = file; path = "Lato-Thin.ttf"; sourceTree = "<group>"; };
		79958D3527A7AAC000A32E5A /* Lato-Bold.ttf */ = {isa = PBXFileReference; lastKnownFileType = file; path = "Lato-Bold.ttf"; sourceTree = "<group>"; };
		79958D3627A7AAC000A32E5A /* Lato-Black.ttf */ = {isa = PBXFileReference; lastKnownFileType = file; path = "Lato-Black.ttf"; sourceTree = "<group>"; };
		79958D3727A7AAC000A32E5A /* Lato-ExtraBold.ttf */ = {isa = PBXFileReference; lastKnownFileType = file; path = "Lato-ExtraBold.ttf"; sourceTree = "<group>"; };
		79958D3827A7AAC000A32E5A /* COPYRIGHT.txt */ = {isa = PBXFileReference; fileEncoding = 4; lastKnownFileType = text; path = COPYRIGHT.txt; sourceTree = "<group>"; };
		79958D3A27A7AAC000A32E5A /* Lato-Regular.ttf */ = {isa = PBXFileReference; lastKnownFileType = file; path = "Lato-Regular.ttf"; sourceTree = "<group>"; };
		79958D3D27A7AAC000A32E5A /* Lato-SemiBold.ttf */ = {isa = PBXFileReference; lastKnownFileType = file; path = "Lato-SemiBold.ttf"; sourceTree = "<group>"; };
		79958D4127A7AAC000A32E5A /* Lato-Light.ttf */ = {isa = PBXFileReference; lastKnownFileType = file; path = "Lato-Light.ttf"; sourceTree = "<group>"; };
		79958D4227A7AAC000A32E5A /* Lato-Medium.ttf */ = {isa = PBXFileReference; lastKnownFileType = file; path = "Lato-Medium.ttf"; sourceTree = "<group>"; };
		79958D4427A7AAC000A32E5A /* LICENSE.txt */ = {isa = PBXFileReference; fileEncoding = 4; lastKnownFileType = text; path = LICENSE.txt; sourceTree = "<group>"; };
		79958D4527A7AAC000A32E5A /* Lato-ExtraLight.ttf */ = {isa = PBXFileReference; lastKnownFileType = file; path = "Lato-ExtraLight.ttf"; sourceTree = "<group>"; };
		79958D5A27A7C31200A32E5A /* UIButton+Extensions.swift */ = {isa = PBXFileReference; lastKnownFileType = sourcecode.swift; path = "UIButton+Extensions.swift"; sourceTree = "<group>"; };
		79958D5C27A7C35900A32E5A /* UILabel+Extensions.swift */ = {isa = PBXFileReference; lastKnownFileType = sourcecode.swift; path = "UILabel+Extensions.swift"; sourceTree = "<group>"; };
		79958D5F27A7C40A00A32E5A /* LocalizedStringID.swift */ = {isa = PBXFileReference; lastKnownFileType = sourcecode.swift; path = LocalizedStringID.swift; sourceTree = "<group>"; };
		799E809327AC272A00ABE0C8 /* Fairytales-Bridging-Header.h */ = {isa = PBXFileReference; lastKnownFileType = sourcecode.c.h; path = "Fairytales-Bridging-Header.h"; sourceTree = "<group>"; };
		799E809427AC272A00ABE0C8 /* iCarousel.h */ = {isa = PBXFileReference; fileEncoding = 4; lastKnownFileType = sourcecode.c.h; path = iCarousel.h; sourceTree = "<group>"; };
		799E809527AC272A00ABE0C8 /* iCarousel.m */ = {isa = PBXFileReference; fileEncoding = 4; lastKnownFileType = sourcecode.c.objc; path = iCarousel.m; sourceTree = "<group>"; };
		799E809A27AC38F600ABE0C8 /* CarouselItemView.xib */ = {isa = PBXFileReference; lastKnownFileType = file.xib; path = CarouselItemView.xib; sourceTree = "<group>"; };
		799E809C27AC391400ABE0C8 /* CarouselItemView.swift */ = {isa = PBXFileReference; lastKnownFileType = sourcecode.swift; path = CarouselItemView.swift; sourceTree = "<group>"; };
		79A7A30F27B4CB9800F547D0 /* FirebaseClient.swift */ = {isa = PBXFileReference; lastKnownFileType = sourcecode.swift; path = FirebaseClient.swift; sourceTree = "<group>"; };
		79B2A6B727B99BA700188BC1 /* CategoryDTO.swift */ = {isa = PBXFileReference; lastKnownFileType = sourcecode.swift; path = CategoryDTO.swift; sourceTree = "<group>"; };
		79B2A6C827B9F41D00188BC1 /* Scheduler.swift */ = {isa = PBXFileReference; lastKnownFileType = sourcecode.swift; path = Scheduler.swift; sourceTree = "<group>"; };
		79B2A6CA27B9F69000188BC1 /* ImageCacher.swift */ = {isa = PBXFileReference; fileEncoding = 4; lastKnownFileType = sourcecode.swift; path = ImageCacher.swift; sourceTree = "<group>"; };
		79B2A6CB27B9F69000188BC1 /* ImageLoader.swift */ = {isa = PBXFileReference; fileEncoding = 4; lastKnownFileType = sourcecode.swift; path = ImageLoader.swift; sourceTree = "<group>"; };
		79B2A6CC27B9F69000188BC1 /* RequestError.swift */ = {isa = PBXFileReference; fileEncoding = 4; lastKnownFileType = sourcecode.swift; path = RequestError.swift; sourceTree = "<group>"; };
/* End PBXFileReference section */

/* Begin PBXFrameworksBuildPhase section */
		7985DC1A279EC6F8005459E0 /* Frameworks */ = {
			isa = PBXFrameworksBuildPhase;
			buildActionMask = 2147483647;
			files = (
				79B2A6C327B9ECE100188BC1 /* FirebaseAuthCombine-Community in Frameworks */,
				79B2A6C727B9ECE100188BC1 /* FirebaseStorageCombine-Community in Frameworks */,
				794609C427BBCA65004CC0BB /* Kingfisher in Frameworks */,
				797D38A027A74F8F0047C31B /* Lottie in Frameworks */,
				797D388D27A743CE0047C31B /* ApphudSDK in Frameworks */,
				797D389D27A74D1E0047C31B /* FacebookCore in Frameworks */,
				79B2A6C527B9ECE100188BC1 /* FirebaseFirestoreCombine-Community in Frameworks */,
			);
			runOnlyForDeploymentPostprocessing = 0;
		};
/* End PBXFrameworksBuildPhase section */

/* Begin PBXGroup section */
		790A49DF27F5C0A300B9E7CE /* Subscriptions */ = {
			isa = PBXGroup;
			children = (
				790A49D827F464BA00B9E7CE /* SubscriptionsViewController.swift */,
				790A49D727F464BA00B9E7CE /* SubscriptionsCoordinator.swift */,
				790A49DA27F464BA00B9E7CE /* SubscriptionsViewController.xib */,
			);
			path = Subscriptions;
			sourceTree = "<group>";
		};
		792CDFA727BAF14D00EF21D6 /* LaunchVideo */ = {
			isa = PBXGroup;
			children = (
				792CDFA827BAF16B00EF21D6 /* video-iphone.mp4 */,
				792CDFA927BAF16B00EF21D6 /* video-ipad.mp4 */,
			);
			path = LaunchVideo;
			sourceTree = "<group>";
		};
		793A91FE27AF58B9000F3B0C /* Model */ = {
			isa = PBXGroup;
			children = (
				79B2A6CC27B9F69000188BC1 /* RequestError.swift */,
				7907A48027B98A4A0024FBEC /* FairytaleDTO.swift */,
				79B2A6B727B99BA700188BC1 /* CategoryDTO.swift */,
				7907A47827B989FC0024FBEC /* PageModel.swift */,
				7907A47C27B98A260024FBEC /* PageImages.swift */,
				7907A47E27B98A370024FBEC /* PageText.swift */,
				793A91FF27AF5946000F3B0C /* StoryModel.swift */,
				7985DCE3279EC6F8005459E0 /* CategorySection.swift */,
			);
			path = Model;
			sourceTree = "<group>";
		};
		793CA39027AFEFA6005D0B77 /* LaunchAnimation */ = {
			isa = PBXGroup;
			children = (
				793CA39227AFEFCB005D0B77 /* LaunchAnimationViewController.swift */,
				793CA39127AFEFCB005D0B77 /* LaunchAnimationCoordinator.swift */,
				793CA39427AFEFCB005D0B77 /* LaunchAnimationViewController.xib */,
			);
			path = LaunchAnimation;
			sourceTree = "<group>";
		};
		7985DC14279EC6F8005459E0 = {
			isa = PBXGroup;
			children = (
				7985DC1F279EC6F8005459E0 /* Fairytales */,
				7985DC1E279EC6F8005459E0 /* Products */,
				79A7A30B27B4C64B00F547D0 /* Frameworks */,
			);
			sourceTree = "<group>";
		};
		7985DC1E279EC6F8005459E0 /* Products */ = {
			isa = PBXGroup;
			children = (
				7985DC1D279EC6F8005459E0 /* Fairytales.app */,
			);
			name = Products;
			sourceTree = "<group>";
		};
		7985DC1F279EC6F8005459E0 /* Fairytales */ = {
			isa = PBXGroup;
			children = (
				7985DC37279EC6F8005459E0 /* Application */,
				7985DC39279EC6F8005459E0 /* Source */,
				7985DC3A279EC6F8005459E0 /* Module */,
				7985DC38279EC6F8005459E0 /* Resources */,
				7985DC29279EC6F8005459E0 /* Fairytales.xcdatamodeld */,
			);
			path = Fairytales;
			sourceTree = "<group>";
		};
		7985DC37279EC6F8005459E0 /* Application */ = {
			isa = PBXGroup;
			children = (
				7985DC75279EC6F8005459E0 /* ApplicationCoordinator.swift */,
				7985DC74279EC6F8005459E0 /* ApplicationGlobalConfig.swift */,
				7985DC20279EC6F8005459E0 /* AppDelegate.swift */,
				7985DC22279EC6F8005459E0 /* SceneDelegate.swift */,
				7985DC2E279EC6F8005459E0 /* LaunchScreen.storyboard */,
				79958D2C27A7846B00A32E5A /* GoogleService-Info.plist */,
				7985DC31279EC6F8005459E0 /* Info.plist */,
			);
			path = Application;
			sourceTree = "<group>";
		};
		7985DC38279EC6F8005459E0 /* Resources */ = {
			isa = PBXGroup;
			children = (
				792CDFA727BAF14D00EF21D6 /* LaunchVideo */,
				79958D2E27A7A73300A32E5A /* Fonts */,
				7985DC2C279EC6F8005459E0 /* Assets.xcassets */,
			);
			path = Resources;
			sourceTree = "<group>";
		};
		7985DC39279EC6F8005459E0 /* Source */ = {
			isa = PBXGroup;
			children = (
				7985DC9F279EC6F8005459E0 /* Extensions */,
				7985DCBE279EC6F8005459E0 /* Services */,
				79958D1627A764B900A32E5A /* Misc */,
				7985DC73279EC6F8005459E0 /* View */,
				7985DCEB279EC6F8005459E0 /* Classes */,
				79958D1927A766AC00A32E5A /* Protocols */,
				793A91FE27AF58B9000F3B0C /* Model */,
				7985DC90279EC6F8005459E0 /* Constants */,
			);
			path = Source;
			sourceTree = "<group>";
		};
		7985DC3A279EC6F8005459E0 /* Module */ = {
			isa = PBXGroup;
			children = (
				793CA39027AFEFA6005D0B77 /* LaunchAnimation */,
				7985DC5F279EC6F8005459E0 /* Onboarding */,
				7985DC43279EC6F8005459E0 /* Categories */,
				7985DC44279EC6F8005459E0 /* StorySelect */,
				7985DC60279EC6F8005459E0 /* Story */,
				7985DC4E279EC6F8005459E0 /* Settings */,
				790A49DF27F5C0A300B9E7CE /* Subscriptions */,
			);
			path = Module;
			sourceTree = "<group>";
		};
		7985DC43279EC6F8005459E0 /* Categories */ = {
			isa = PBXGroup;
			children = (
				7985DC3C279EC6F8005459E0 /* CategoriesViewController.swift */,
				7985DC3B279EC6F8005459E0 /* CategoriesCoordinator.swift */,
				7985DC3E279EC6F8005459E0 /* CategoriesViewController.xib */,
				799E809927AC38D100ABE0C8 /* View */,
			);
			path = Categories;
			sourceTree = "<group>";
		};
		7985DC44279EC6F8005459E0 /* StorySelect */ = {
			isa = PBXGroup;
			children = (
				79958CFC27A75B2200A32E5A /* StorySelectViewController.swift */,
				79958CFB27A75B2200A32E5A /* StorySelectCoordinator.swift */,
				7985DCDC279EC6F8005459E0 /* StorySelectDisplayManager.swift */,
				79958CFE27A75B2200A32E5A /* StorySelectViewController.xib */,
				79958D0B27A75C2A00A32E5A /* Cell */,
			);
			path = StorySelect;
			sourceTree = "<group>";
		};
		7985DC4E279EC6F8005459E0 /* Settings */ = {
			isa = PBXGroup;
			children = (
				7985DC50279EC6F8005459E0 /* SettingsViewController.swift */,
				7985DC4F279EC6F8005459E0 /* SettingsCoordinator.swift */,
				7985DC52279EC6F8005459E0 /* SettingsViewController.xib */,
				7985DCEC27A15129005459E0 /* Webscreen */,
			);
			path = Settings;
			sourceTree = "<group>";
		};
		7985DC5F279EC6F8005459E0 /* Onboarding */ = {
			isa = PBXGroup;
			children = (
				79878EE827C3AD42008DBD86 /* GenderSelect */,
				7985DC58279EC6F8005459E0 /* OnboardingViewController.swift */,
				7985DC57279EC6F8005459E0 /* OnboardingCoordinator.swift */,
				7985DC5A279EC6F8005459E0 /* OnboardingViewController.xib */,
			);
			path = Onboarding;
			sourceTree = "<group>";
		};
		7985DC60279EC6F8005459E0 /* Story */ = {
			isa = PBXGroup;
			children = (
				7985DC62279EC6F8005459E0 /* StoryViewController.swift */,
				7985DC61279EC6F8005459E0 /* StoryCoordinator.swift */,
				7985DC64279EC6F8005459E0 /* StoryViewController.xib */,
			);
			path = Story;
			sourceTree = "<group>";
		};
		7985DC73279EC6F8005459E0 /* View */ = {
			isa = PBXGroup;
			children = (
				7985DC91279EC6F8005459E0 /* CarouselView */,
				7985DC86279EC6F8005459E0 /* BaseButton.swift */,
				7985DC84279EC6F8005459E0 /* CirclesActivityIndicator.swift */,
				7985DC7D279EC6F8005459E0 /* ParticleEmitterView.swift */,
				7985DC7F279EC6F8005459E0 /* SubscriptionsPopup */,
				7985DC78279EC6F8005459E0 /* CustomAlert */,
			);
			path = View;
			sourceTree = "<group>";
		};
		7985DC78279EC6F8005459E0 /* CustomAlert */ = {
			isa = PBXGroup;
			children = (
				7985DC79279EC6F8005459E0 /* CustomAlert.xib */,
				7985DC7A279EC6F8005459E0 /* CustomAlert.swift */,
			);
			path = CustomAlert;
			sourceTree = "<group>";
		};
		7985DC7F279EC6F8005459E0 /* SubscriptionsPopup */ = {
			isa = PBXGroup;
			children = (
				7985DC80279EC6F8005459E0 /* SubscriptionPlanPopup.xib */,
				7985DC81279EC6F8005459E0 /* SubscriptionPlanPopup.swift */,
			);
			path = SubscriptionsPopup;
			sourceTree = "<group>";
		};
		7985DC90279EC6F8005459E0 /* Constants */ = {
			isa = PBXGroup;
			children = (
				7985DC8A279EC6F8005459E0 /* ColorPalette.swift */,
				7985DC8E279EC6F8005459E0 /* StylingConstants.swift */,
				7985DC89279EC6F8005459E0 /* Constants.swift */,
				7985DC88279EC6F8005459E0 /* Typealias.swift */,
			);
			path = Constants;
			sourceTree = "<group>";
		};
		7985DC91279EC6F8005459E0 /* CarouselView */ = {
			isa = PBXGroup;
			children = (
				799E809427AC272A00ABE0C8 /* iCarousel.h */,
				799E809527AC272A00ABE0C8 /* iCarousel.m */,
				799E809327AC272A00ABE0C8 /* Fairytales-Bridging-Header.h */,
			);
			path = CarouselView;
			sourceTree = "<group>";
		};
		7985DC96279EC6F8005459E0 /* ModuleTemplates */ = {
			isa = PBXGroup;
			children = (
				7985DC97279EC6F8005459E0 /* MVVM+C.xctemplate */,
			);
			path = ModuleTemplates;
			sourceTree = "<group>";
		};
		7985DC97279EC6F8005459E0 /* MVVM+C.xctemplate */ = {
			isa = PBXGroup;
			children = (
				7985DC98279EC6F8005459E0 /* ___FILEBASENAME___Coordinator.swift */,
				7985DC99279EC6F8005459E0 /* TemplateIcon@2x.png */,
				7985DC9A279EC6F8005459E0 /* ___FILEBASENAME___ViewController.swift */,
				7985DC9B279EC6F8005459E0 /* ___FILEBASENAME___ViewModel.swift */,
				7985DC9C279EC6F8005459E0 /* ___FILEBASENAME___ViewController.xib */,
				7985DC9D279EC6F8005459E0 /* TemplateIcon.png */,
				7985DC9E279EC6F8005459E0 /* TemplateInfo.plist */,
			);
			path = "MVVM+C.xctemplate";
			sourceTree = "<group>";
		};
		7985DC9F279EC6F8005459E0 /* Extensions */ = {
			isa = PBXGroup;
			children = (
				7985DCA0279EC6F8005459E0 /* KeyedDecodingContainer+Extensions.swift */,
				7985DCA1279EC6F8005459E0 /* UIViewController+Extensions.swift */,
				7985DCA2279EC6F8005459E0 /* UIView+Extensions.swift */,
				7985DCA3279EC6F8005459E0 /* String+Extensions.swift */,
				7985DCA4279EC6F8005459E0 /* UIControl+Extensions.swift */,
				7985DCA5279EC6F8005459E0 /* UIColor+Extensions.swift */,
				7985DCA6279EC6F8005459E0 /* UIImage+Extensions.swift */,
				7985DCA7279EC6F8005459E0 /* UIDevice+Extensions.swift */,
				7985DCA8279EC6F8005459E0 /* Publisher+Extensions.swift */,
				7985DCAA279EC6F8005459E0 /* UIBarButtonItem+Extensions.swift */,
				7985DCAB279EC6F8005459E0 /* NotificationCenter+Extensions.swift */,
				7985DCAD279EC6F8005459E0 /* Collection+Extensions.swift */,
				7985DCAE279EC6F8005459E0 /* UICollectionView+Extensions.swift */,
				793A920127AF804A000F3B0C /* Set+Extensions.swift */,
				793A920327AFC22C000F3B0C /* UIFont+Extensions.swift */,
			);
			path = Extensions;
			sourceTree = "<group>";
		};
		7985DCBE279EC6F8005459E0 /* Services */ = {
			isa = PBXGroup;
			children = (
				79B2A6D027B9F6C800188BC1 /* ImageDownloader */,
				79A7A30F27B4CB9800F547D0 /* FirebaseClient.swift */,
				795EA56727A80A5F0016C417 /* KeyChain.swift */,
				795EA56827A80A5F0016C417 /* Obfuscator.swift */,
				79958D5E27A7C3DB00A32E5A /* Localization */,
				7985DCC0279EC6F8005459E0 /* UserSession.swift */,
				7985DCC1279EC6F8005459E0 /* InteractionFeedbackService.swift */,
				7985DCC3279EC6F8005459E0 /* OnboardingManager.swift */,
				7985DCC4279EC6F8005459E0 /* Purchase */,
				7985DCC8279EC6F8005459E0 /* ServicesContainer.swift */,
				7985DCC9279EC6F8005459E0 /* AnalyticsService.swift */,
				79878EF327C53B50008DBD86 /* StoryTextFormatter.swift */,
				79878EF527C550CF008DBD86 /* UserDefaultsWrapper.swift */,
			);
			path = Services;
			sourceTree = "<group>";
		};
		7985DCC4279EC6F8005459E0 /* Purchase */ = {
			isa = PBXGroup;
			children = (
				7985DCC5279EC6F8005459E0 /* Purchase.swift */,
				7985DCC6279EC6F8005459E0 /* PurchaseService.swift */,
			);
			path = Purchase;
			sourceTree = "<group>";
		};
		7985DCEB279EC6F8005459E0 /* Classes */ = {
			isa = PBXGroup;
			children = (
				79958D1727A764F300A32E5A /* BaseViewController.swift */,
				79958D2427A76BE400A32E5A /* BaseState.swift */,
				79B2A6C827B9F41D00188BC1 /* Scheduler.swift */,
				792CDFAC27BAF1C800EF21D6 /* PlayerView.swift */,
			);
			path = Classes;
			sourceTree = "<group>";
		};
		7985DCEC27A15129005459E0 /* Webscreen */ = {
			isa = PBXGroup;
			children = (
				7985DCF527A151A9005459E0 /* WebscreenCoordinator.swift */,
				7985DCF627A151A9005459E0 /* WebscreenViewController.swift */,
				7985DCF727A151A9005459E0 /* WebscreenViewModel.swift */,
				7985DCF827A151A9005459E0 /* WebscreenViewController.xib */,
			);
			path = Webscreen;
			sourceTree = "<group>";
		};
		79878EE827C3AD42008DBD86 /* GenderSelect */ = {
			isa = PBXGroup;
			children = (
				79878EEB27C3AD9F008DBD86 /* GenderSelectCoordinator.swift */,
				79878EED27C3AEA0008DBD86 /* GenderSelectViewController.swift */,
				79878EEF27C3AEA0008DBD86 /* GenderSelectViewController.xib */,
			);
			path = GenderSelect;
			sourceTree = "<group>";
		};
		79958D0B27A75C2A00A32E5A /* Cell */ = {
			isa = PBXGroup;
			children = (
				79958D0C27A75C4E00A32E5A /* StorySelectionCell.swift */,
				79958D0D27A75C4E00A32E5A /* StorySelectionCell.xib */,
			);
			path = Cell;
			sourceTree = "<group>";
		};
		79958D1627A764B900A32E5A /* Misc */ = {
			isa = PBXGroup;
			children = (
				7985DCD5279EC6F8005459E0 /* Logger.swift */,
				7985DC96279EC6F8005459E0 /* ModuleTemplates */,
			);
			path = Misc;
			sourceTree = "<group>";
		};
		79958D1927A766AC00A32E5A /* Protocols */ = {
			isa = PBXGroup;
			children = (
				7985DCDA279EC6F8005459E0 /* Coordinatable.swift */,
				79958D2827A775B600A32E5A /* SubscriptionsDisposable.swift */,
				79958D2627A76FFA00A32E5A /* LifecycleTransmittable.swift */,
				79958D2227A76B3B00A32E5A /* EventRepresentable.swift */,
				79958D1A27A766E400A32E5A /* EventsAcceptable.swift */,
				79958D2027A76B0300A32E5A /* EventTransmittable.swift */,
				79958D1E27A76A1200A32E5A /* StateHandable.swift */,
				79958D2A27A7770500A32E5A /* CoordinatorPreservable.swift */,
			);
			path = Protocols;
			sourceTree = "<group>";
		};
		79958D2E27A7A73300A32E5A /* Fonts */ = {
			isa = PBXGroup;
			children = (
				79958D3127A7AAC000A32E5A /* Lato */,
			);
			path = Fonts;
			sourceTree = "<group>";
		};
		79958D3127A7AAC000A32E5A /* Lato */ = {
			isa = PBXGroup;
			children = (
				79958D3827A7AAC000A32E5A /* COPYRIGHT.txt */,
				79958D3627A7AAC000A32E5A /* Lato-Black.ttf */,
				79958D3527A7AAC000A32E5A /* Lato-Bold.ttf */,
				79958D3727A7AAC000A32E5A /* Lato-ExtraBold.ttf */,
				79958D4527A7AAC000A32E5A /* Lato-ExtraLight.ttf */,
				79958D4127A7AAC000A32E5A /* Lato-Light.ttf */,
				79958D4227A7AAC000A32E5A /* Lato-Medium.ttf */,
				79958D3A27A7AAC000A32E5A /* Lato-Regular.ttf */,
				79958D3D27A7AAC000A32E5A /* Lato-SemiBold.ttf */,
				79958D3427A7AAC000A32E5A /* Lato-Thin.ttf */,
				79958D4427A7AAC000A32E5A /* LICENSE.txt */,
			);
			path = Lato;
			sourceTree = "<group>";
		};
		79958D5E27A7C3DB00A32E5A /* Localization */ = {
			isa = PBXGroup;
			children = (
				79958D5A27A7C31200A32E5A /* UIButton+Extensions.swift */,
				79958D5C27A7C35900A32E5A /* UILabel+Extensions.swift */,
				79958D5F27A7C40A00A32E5A /* LocalizedStringID.swift */,
			);
			path = Localization;
			sourceTree = "<group>";
		};
		799E809927AC38D100ABE0C8 /* View */ = {
			isa = PBXGroup;
			children = (
				799E809C27AC391400ABE0C8 /* CarouselItemView.swift */,
				799E809A27AC38F600ABE0C8 /* CarouselItemView.xib */,
			);
			path = View;
			sourceTree = "<group>";
		};
		79A7A30B27B4C64B00F547D0 /* Frameworks */ = {
			isa = PBXGroup;
			children = (
			);
			name = Frameworks;
			sourceTree = "<group>";
		};
		79B2A6D027B9F6C800188BC1 /* ImageDownloader */ = {
			isa = PBXGroup;
			children = (
				79B2A6CA27B9F69000188BC1 /* ImageCacher.swift */,
				79B2A6CB27B9F69000188BC1 /* ImageLoader.swift */,
			);
			path = ImageDownloader;
			sourceTree = "<group>";
		};
/* End PBXGroup section */

/* Begin PBXNativeTarget section */
		7985DC1C279EC6F8005459E0 /* Fairytales */ = {
			isa = PBXNativeTarget;
			buildConfigurationList = 7985DC34279EC6F8005459E0 /* Build configuration list for PBXNativeTarget "Fairytales" */;
			buildPhases = (
				7985DC19279EC6F8005459E0 /* Sources */,
				7985DC1A279EC6F8005459E0 /* Frameworks */,
				7985DC1B279EC6F8005459E0 /* Resources */,
			);
			buildRules = (
			);
			dependencies = (
			);
			name = Fairytales;
			packageProductDependencies = (
				797D388C27A743CE0047C31B /* ApphudSDK */,
				797D389C27A74D1E0047C31B /* FacebookCore */,
				797D389F27A74F8F0047C31B /* Lottie */,
				79B2A6C227B9ECE100188BC1 /* FirebaseAuthCombine-Community */,
				79B2A6C427B9ECE100188BC1 /* FirebaseFirestoreCombine-Community */,
				79B2A6C627B9ECE100188BC1 /* FirebaseStorageCombine-Community */,
				794609C327BBCA65004CC0BB /* Kingfisher */,
			);
			productName = Fairytales;
			productReference = 7985DC1D279EC6F8005459E0 /* Fairytales.app */;
			productType = "com.apple.product-type.application";
		};
/* End PBXNativeTarget section */

/* Begin PBXProject section */
		7985DC15279EC6F8005459E0 /* Project object */ = {
			isa = PBXProject;
			attributes = {
				BuildIndependentTargetsInParallel = 1;
				LastSwiftUpdateCheck = 1310;
				LastUpgradeCheck = 1310;
				TargetAttributes = {
					7985DC1C279EC6F8005459E0 = {
						CreatedOnToolsVersion = 13.1;
						LastSwiftMigration = 1310;
					};
				};
			};
			buildConfigurationList = 7985DC18279EC6F8005459E0 /* Build configuration list for PBXProject "Fairytales" */;
			compatibilityVersion = "Xcode 13.0";
			developmentRegion = en;
			hasScannedForEncodings = 0;
			knownRegions = (
				en,
				Base,
			);
			mainGroup = 7985DC14279EC6F8005459E0;
			packageReferences = (
				797D388B27A743CE0047C31B /* XCRemoteSwiftPackageReference "ApphudSDK" */,
				797D389B27A74D1E0047C31B /* XCRemoteSwiftPackageReference "facebook-ios-sdk" */,
				797D389E27A74F8E0047C31B /* XCRemoteSwiftPackageReference "lottie-ios" */,
				79B2A6C127B9ECE100188BC1 /* XCRemoteSwiftPackageReference "firebase-ios-sdk" */,
				794609C227BBCA65004CC0BB /* XCRemoteSwiftPackageReference "Kingfisher" */,
			);
			productRefGroup = 7985DC1E279EC6F8005459E0 /* Products */;
			projectDirPath = "";
			projectRoot = "";
			targets = (
				7985DC1C279EC6F8005459E0 /* Fairytales */,
			);
		};
/* End PBXProject section */

/* Begin PBXResourcesBuildPhase section */
		7985DC1B279EC6F8005459E0 /* Resources */ = {
			isa = PBXResourcesBuildPhase;
			buildActionMask = 2147483647;
			files = (
				79958D5827A7AAC000A32E5A /* LICENSE.txt in Resources */,
				7985DC82279EC6F8005459E0 /* SubscriptionPlanPopup.xib in Resources */,
				7985DC68279EC6F8005459E0 /* StoryViewController.xib in Resources */,
				79958D0227A75B2200A32E5A /* StorySelectViewController.xib in Resources */,
				7985DC30279EC6F8005459E0 /* LaunchScreen.storyboard in Resources */,
				79958D5627A7AAC000A32E5A /* Lato-Medium.ttf in Resources */,
				79878EF227C3AEA0008DBD86 /* GenderSelectViewController.xib in Resources */,
				7985DC7B279EC6F8005459E0 /* CustomAlert.xib in Resources */,
				790A49DE27F464BA00B9E7CE /* SubscriptionsViewController.xib in Resources */,
				792CDFAA27BAF16B00EF21D6 /* video-iphone.mp4 in Resources */,
				79958D4927A7AAC000A32E5A /* Lato-Bold.ttf in Resources */,
				792CDFAB27BAF16B00EF21D6 /* video-ipad.mp4 in Resources */,
				7985DCFC27A151A9005459E0 /* WebscreenViewController.xib in Resources */,
				79958D4E27A7AAC000A32E5A /* Lato-Regular.ttf in Resources */,
				7985DC2D279EC6F8005459E0 /* Assets.xcassets in Resources */,
				7985DC42279EC6F8005459E0 /* CategoriesViewController.xib in Resources */,
				79958D4A27A7AAC000A32E5A /* Lato-Black.ttf in Resources */,
				793CA39827AFEFCB005D0B77 /* LaunchAnimationViewController.xib in Resources */,
				79958D5527A7AAC000A32E5A /* Lato-Light.ttf in Resources */,
				79958D4B27A7AAC000A32E5A /* Lato-ExtraBold.ttf in Resources */,
				799E809B27AC38F600ABE0C8 /* CarouselItemView.xib in Resources */,
				79958D4C27A7AAC000A32E5A /* COPYRIGHT.txt in Resources */,
				79958D5927A7AAC000A32E5A /* Lato-ExtraLight.ttf in Resources */,
				79958D4827A7AAC000A32E5A /* Lato-Thin.ttf in Resources */,
				79958D5127A7AAC000A32E5A /* Lato-SemiBold.ttf in Resources */,
				7985DC56279EC6F8005459E0 /* SettingsViewController.xib in Resources */,
				79958D0F27A75C4E00A32E5A /* StorySelectionCell.xib in Resources */,
				7985DC5E279EC6F8005459E0 /* OnboardingViewController.xib in Resources */,
				79958D2D27A7846B00A32E5A /* GoogleService-Info.plist in Resources */,
			);
			runOnlyForDeploymentPostprocessing = 0;
		};
/* End PBXResourcesBuildPhase section */

/* Begin PBXSourcesBuildPhase section */
		7985DC19279EC6F8005459E0 /* Sources */ = {
			isa = PBXSourcesBuildPhase;
			buildActionMask = 2147483647;
			files = (
				7985DCF927A151A9005459E0 /* WebscreenCoordinator.swift in Sources */,
				79B2A6C927B9F41D00188BC1 /* Scheduler.swift in Sources */,
				7985DCFB27A151A9005459E0 /* WebscreenViewModel.swift in Sources */,
				7985DCBA279EC6F8005459E0 /* NotificationCenter+Extensions.swift in Sources */,
				793A920027AF5946000F3B0C /* StoryModel.swift in Sources */,
				79958D5D27A7C35900A32E5A /* UILabel+Extensions.swift in Sources */,
				7985DC3F279EC6F8005459E0 /* CategoriesCoordinator.swift in Sources */,
				7985DC54279EC6F8005459E0 /* SettingsViewController.swift in Sources */,
				792CDFAD27BAF1C800EF21D6 /* PlayerView.swift in Sources */,
				7985DC8C279EC6F8005459E0 /* Constants.swift in Sources */,
				79B2A6B827B99BA700188BC1 /* CategoryDTO.swift in Sources */,
				7985DC5B279EC6F8005459E0 /* OnboardingCoordinator.swift in Sources */,
				7985DCCC279EC6F8005459E0 /* InteractionFeedbackService.swift in Sources */,
				7985DCB5279EC6F8005459E0 /* UIImage+Extensions.swift in Sources */,
				79B2A6CF27B9F69000188BC1 /* RequestError.swift in Sources */,
				7985DCE4279EC6F8005459E0 /* CategorySection.swift in Sources */,
				79878EF027C3AEA0008DBD86 /* GenderSelectViewController.swift in Sources */,
				7985DCB3279EC6F8005459E0 /* UIControl+Extensions.swift in Sources */,
				7985DC87279EC6F8005459E0 /* BaseButton.swift in Sources */,
				79958D5B27A7C31200A32E5A /* UIButton+Extensions.swift in Sources */,
				790A49DC27F464BA00B9E7CE /* SubscriptionsViewController.swift in Sources */,
				795EA56A27A80A5F0016C417 /* Obfuscator.swift in Sources */,
				79958CFF27A75B2200A32E5A /* StorySelectCoordinator.swift in Sources */,
				79958D2327A76B3B00A32E5A /* EventRepresentable.swift in Sources */,
				79958D1B27A766E400A32E5A /* EventsAcceptable.swift in Sources */,
				7985DC21279EC6F8005459E0 /* AppDelegate.swift in Sources */,
				7985DC76279EC6F8005459E0 /* ApplicationGlobalConfig.swift in Sources */,
				7985DCBC279EC6F8005459E0 /* Collection+Extensions.swift in Sources */,
				79958D2527A76BE400A32E5A /* BaseState.swift in Sources */,
				7985DCB2279EC6F8005459E0 /* String+Extensions.swift in Sources */,
				7985DC65279EC6F8005459E0 /* StoryCoordinator.swift in Sources */,
				79958D2127A76B0300A32E5A /* EventTransmittable.swift in Sources */,
				7985DCDB279EC6F8005459E0 /* Coordinatable.swift in Sources */,
				799E809727AC272B00ABE0C8 /* iCarousel.m in Sources */,
				793A920427AFC22C000F3B0C /* UIFont+Extensions.swift in Sources */,
				7985DCB7279EC6F8005459E0 /* Publisher+Extensions.swift in Sources */,
				79958D6027A7C40A00A32E5A /* LocalizedStringID.swift in Sources */,
				79958D0027A75B2200A32E5A /* StorySelectViewController.swift in Sources */,
				7985DC8D279EC6F8005459E0 /* ColorPalette.swift in Sources */,
				79958D2727A76FFA00A32E5A /* LifecycleTransmittable.swift in Sources */,
				7985DCBD279EC6F8005459E0 /* UICollectionView+Extensions.swift in Sources */,
				7985DCB4279EC6F8005459E0 /* UIColor+Extensions.swift in Sources */,
				7985DCD3279EC6F8005459E0 /* AnalyticsService.swift in Sources */,
				7985DC23279EC6F8005459E0 /* SceneDelegate.swift in Sources */,
				7907A47D27B98A260024FBEC /* PageImages.swift in Sources */,
				79878EF627C550CF008DBD86 /* UserDefaultsWrapper.swift in Sources */,
				7907A48127B98A4A0024FBEC /* FairytaleDTO.swift in Sources */,
				7985DC77279EC6F8005459E0 /* ApplicationCoordinator.swift in Sources */,
				7985DCB0279EC6F8005459E0 /* UIViewController+Extensions.swift in Sources */,
				795EA56927A80A5F0016C417 /* KeyChain.swift in Sources */,
				793A920227AF804A000F3B0C /* Set+Extensions.swift in Sources */,
				7985DC53279EC6F8005459E0 /* SettingsCoordinator.swift in Sources */,
				7985DC8B279EC6F8005459E0 /* Typealias.swift in Sources */,
				7985DCD2279EC6F8005459E0 /* ServicesContainer.swift in Sources */,
				79958D2B27A7770500A32E5A /* CoordinatorPreservable.swift in Sources */,
				793CA39527AFEFCB005D0B77 /* LaunchAnimationCoordinator.swift in Sources */,
				7985DC85279EC6F8005459E0 /* CirclesActivityIndicator.swift in Sources */,
				7985DC2B279EC6F8005459E0 /* Fairytales.xcdatamodeld in Sources */,
				7985DCCB279EC6F8005459E0 /* UserSession.swift in Sources */,
				7985DC7C279EC6F8005459E0 /* CustomAlert.swift in Sources */,
				7985DCAF279EC6F8005459E0 /* KeyedDecodingContainer+Extensions.swift in Sources */,
				7907A47927B989FC0024FBEC /* PageModel.swift in Sources */,
				790A49DB27F464BA00B9E7CE /* SubscriptionsCoordinator.swift in Sources */,
				79878EF427C53B50008DBD86 /* StoryTextFormatter.swift in Sources */,
				79958D1F27A76A1200A32E5A /* StateHandable.swift in Sources */,
				793CA39627AFEFCB005D0B77 /* LaunchAnimationViewController.swift in Sources */,
				79B2A6CE27B9F69000188BC1 /* ImageLoader.swift in Sources */,
				79878EEC27C3AD9F008DBD86 /* GenderSelectCoordinator.swift in Sources */,
				7985DCCF279EC6F8005459E0 /* Purchase.swift in Sources */,
				79958D1827A764F300A32E5A /* BaseViewController.swift in Sources */,
				7985DC8F279EC6F8005459E0 /* StylingConstants.swift in Sources */,
				7985DC5C279EC6F8005459E0 /* OnboardingViewController.swift in Sources */,
				7985DC40279EC6F8005459E0 /* CategoriesViewController.swift in Sources */,
				7985DCFA27A151A9005459E0 /* WebscreenViewController.swift in Sources */,
				7985DCB1279EC6F8005459E0 /* UIView+Extensions.swift in Sources */,
				7985DCB9279EC6F8005459E0 /* UIBarButtonItem+Extensions.swift in Sources */,
				7907A47F27B98A370024FBEC /* PageText.swift in Sources */,
				7985DCB6279EC6F8005459E0 /* UIDevice+Extensions.swift in Sources */,
				7985DCD7279EC6F8005459E0 /* Logger.swift in Sources */,
				7985DCD0279EC6F8005459E0 /* PurchaseService.swift in Sources */,
				7985DC83279EC6F8005459E0 /* SubscriptionPlanPopup.swift in Sources */,
				799E809D27AC391400ABE0C8 /* CarouselItemView.swift in Sources */,
				79A7A31027B4CB9800F547D0 /* FirebaseClient.swift in Sources */,
				7985DCCE279EC6F8005459E0 /* OnboardingManager.swift in Sources */,
				7985DC66279EC6F8005459E0 /* StoryViewController.swift in Sources */,
				7985DCDD279EC6F8005459E0 /* StorySelectDisplayManager.swift in Sources */,
				79958D0E27A75C4E00A32E5A /* StorySelectionCell.swift in Sources */,
				79958D2927A775B600A32E5A /* SubscriptionsDisposable.swift in Sources */,
				7985DC7E279EC6F8005459E0 /* ParticleEmitterView.swift in Sources */,
			);
			runOnlyForDeploymentPostprocessing = 0;
		};
/* End PBXSourcesBuildPhase section */

/* Begin PBXVariantGroup section */
		7985DC2E279EC6F8005459E0 /* LaunchScreen.storyboard */ = {
			isa = PBXVariantGroup;
			children = (
				7985DC2F279EC6F8005459E0 /* Base */,
			);
			name = LaunchScreen.storyboard;
			sourceTree = "<group>";
		};
/* End PBXVariantGroup section */

/* Begin XCBuildConfiguration section */
		7985DC32279EC6F8005459E0 /* Debug */ = {
			isa = XCBuildConfiguration;
			buildSettings = {
				ALWAYS_SEARCH_USER_PATHS = NO;
				CLANG_ANALYZER_NONNULL = YES;
				CLANG_ANALYZER_NUMBER_OBJECT_CONVERSION = YES_AGGRESSIVE;
				CLANG_CXX_LANGUAGE_STANDARD = "gnu++17";
				CLANG_CXX_LIBRARY = "libc++";
				CLANG_ENABLE_MODULES = YES;
				CLANG_ENABLE_OBJC_ARC = YES;
				CLANG_ENABLE_OBJC_WEAK = YES;
				CLANG_WARN_BLOCK_CAPTURE_AUTORELEASING = YES;
				CLANG_WARN_BOOL_CONVERSION = YES;
				CLANG_WARN_COMMA = YES;
				CLANG_WARN_CONSTANT_CONVERSION = YES;
				CLANG_WARN_DEPRECATED_OBJC_IMPLEMENTATIONS = YES;
				CLANG_WARN_DIRECT_OBJC_ISA_USAGE = YES_ERROR;
				CLANG_WARN_DOCUMENTATION_COMMENTS = YES;
				CLANG_WARN_EMPTY_BODY = YES;
				CLANG_WARN_ENUM_CONVERSION = YES;
				CLANG_WARN_INFINITE_RECURSION = YES;
				CLANG_WARN_INT_CONVERSION = YES;
				CLANG_WARN_NON_LITERAL_NULL_CONVERSION = YES;
				CLANG_WARN_OBJC_IMPLICIT_RETAIN_SELF = YES;
				CLANG_WARN_OBJC_LITERAL_CONVERSION = YES;
				CLANG_WARN_OBJC_ROOT_CLASS = YES_ERROR;
				CLANG_WARN_QUOTED_INCLUDE_IN_FRAMEWORK_HEADER = YES;
				CLANG_WARN_RANGE_LOOP_ANALYSIS = YES;
				CLANG_WARN_STRICT_PROTOTYPES = YES;
				CLANG_WARN_SUSPICIOUS_MOVE = YES;
				CLANG_WARN_UNGUARDED_AVAILABILITY = YES_AGGRESSIVE;
				CLANG_WARN_UNREACHABLE_CODE = YES;
				CLANG_WARN__DUPLICATE_METHOD_MATCH = YES;
				COPY_PHASE_STRIP = NO;
				DEBUG_INFORMATION_FORMAT = dwarf;
				ENABLE_STRICT_OBJC_MSGSEND = YES;
				ENABLE_TESTABILITY = YES;
				GCC_C_LANGUAGE_STANDARD = gnu11;
				GCC_DYNAMIC_NO_PIC = NO;
				GCC_NO_COMMON_BLOCKS = YES;
				GCC_OPTIMIZATION_LEVEL = 0;
				GCC_PREPROCESSOR_DEFINITIONS = (
					"DEBUG=1",
					"$(inherited)",
				);
				GCC_WARN_64_TO_32_BIT_CONVERSION = YES;
				GCC_WARN_ABOUT_RETURN_TYPE = YES_ERROR;
				GCC_WARN_UNDECLARED_SELECTOR = YES;
				GCC_WARN_UNINITIALIZED_AUTOS = YES_AGGRESSIVE;
				GCC_WARN_UNUSED_FUNCTION = YES;
				GCC_WARN_UNUSED_VARIABLE = YES;
				IPHONEOS_DEPLOYMENT_TARGET = 14.6;
				MTL_ENABLE_DEBUG_INFO = INCLUDE_SOURCE;
				MTL_FAST_MATH = YES;
				ONLY_ACTIVE_ARCH = YES;
				SDKROOT = iphoneos;
				SWIFT_ACTIVE_COMPILATION_CONDITIONS = DEBUG;
				SWIFT_OPTIMIZATION_LEVEL = "-Onone";
			};
			name = Debug;
		};
		7985DC33279EC6F8005459E0 /* Release */ = {
			isa = XCBuildConfiguration;
			buildSettings = {
				ALWAYS_SEARCH_USER_PATHS = NO;
				CLANG_ANALYZER_NONNULL = YES;
				CLANG_ANALYZER_NUMBER_OBJECT_CONVERSION = YES_AGGRESSIVE;
				CLANG_CXX_LANGUAGE_STANDARD = "gnu++17";
				CLANG_CXX_LIBRARY = "libc++";
				CLANG_ENABLE_MODULES = YES;
				CLANG_ENABLE_OBJC_ARC = YES;
				CLANG_ENABLE_OBJC_WEAK = YES;
				CLANG_WARN_BLOCK_CAPTURE_AUTORELEASING = YES;
				CLANG_WARN_BOOL_CONVERSION = YES;
				CLANG_WARN_COMMA = YES;
				CLANG_WARN_CONSTANT_CONVERSION = YES;
				CLANG_WARN_DEPRECATED_OBJC_IMPLEMENTATIONS = YES;
				CLANG_WARN_DIRECT_OBJC_ISA_USAGE = YES_ERROR;
				CLANG_WARN_DOCUMENTATION_COMMENTS = YES;
				CLANG_WARN_EMPTY_BODY = YES;
				CLANG_WARN_ENUM_CONVERSION = YES;
				CLANG_WARN_INFINITE_RECURSION = YES;
				CLANG_WARN_INT_CONVERSION = YES;
				CLANG_WARN_NON_LITERAL_NULL_CONVERSION = YES;
				CLANG_WARN_OBJC_IMPLICIT_RETAIN_SELF = YES;
				CLANG_WARN_OBJC_LITERAL_CONVERSION = YES;
				CLANG_WARN_OBJC_ROOT_CLASS = YES_ERROR;
				CLANG_WARN_QUOTED_INCLUDE_IN_FRAMEWORK_HEADER = YES;
				CLANG_WARN_RANGE_LOOP_ANALYSIS = YES;
				CLANG_WARN_STRICT_PROTOTYPES = YES;
				CLANG_WARN_SUSPICIOUS_MOVE = YES;
				CLANG_WARN_UNGUARDED_AVAILABILITY = YES_AGGRESSIVE;
				CLANG_WARN_UNREACHABLE_CODE = YES;
				CLANG_WARN__DUPLICATE_METHOD_MATCH = YES;
				COPY_PHASE_STRIP = NO;
				DEBUG_INFORMATION_FORMAT = "dwarf-with-dsym";
				ENABLE_NS_ASSERTIONS = NO;
				ENABLE_STRICT_OBJC_MSGSEND = YES;
				GCC_C_LANGUAGE_STANDARD = gnu11;
				GCC_NO_COMMON_BLOCKS = YES;
				GCC_WARN_64_TO_32_BIT_CONVERSION = YES;
				GCC_WARN_ABOUT_RETURN_TYPE = YES_ERROR;
				GCC_WARN_UNDECLARED_SELECTOR = YES;
				GCC_WARN_UNINITIALIZED_AUTOS = YES_AGGRESSIVE;
				GCC_WARN_UNUSED_FUNCTION = YES;
				GCC_WARN_UNUSED_VARIABLE = YES;
				IPHONEOS_DEPLOYMENT_TARGET = 14.6;
				MTL_ENABLE_DEBUG_INFO = NO;
				MTL_FAST_MATH = YES;
				SDKROOT = iphoneos;
				SWIFT_COMPILATION_MODE = wholemodule;
				SWIFT_OPTIMIZATION_LEVEL = "-O";
				VALIDATE_PRODUCT = YES;
			};
			name = Release;
		};
		7985DC35279EC6F8005459E0 /* Debug */ = {
			isa = XCBuildConfiguration;
			buildSettings = {
				ASSETCATALOG_COMPILER_APPICON_NAME = AppIcon;
				ASSETCATALOG_COMPILER_GLOBAL_ACCENT_COLOR_NAME = AccentColor;
				CLANG_ENABLE_MODULES = YES;
				CODE_SIGN_IDENTITY = "Apple Development";
				CODE_SIGN_STYLE = Automatic;
				CURRENT_PROJECT_VERSION = 12;
				DEVELOPMENT_TEAM = GU282P75T9;
				GENERATE_INFOPLIST_FILE = YES;
				INFOPLIST_FILE = Fairytales/Application/Info.plist;
				INFOPLIST_KEY_CFBundleDisplayName = Fairytale;
				INFOPLIST_KEY_LSSupportsOpeningDocumentsInPlace = YES;
				INFOPLIST_KEY_NSUserTrackingUsageDescription = "This lets us connect to Facebook and improves our marketing. We will never show any ads inside of Fairytales.";
				INFOPLIST_KEY_UIApplicationSupportsIndirectInputEvents = YES;
				INFOPLIST_KEY_UILaunchStoryboardName = LaunchScreen;
				INFOPLIST_KEY_UIRequiresFullScreen = YES;
				INFOPLIST_KEY_UISupportedInterfaceOrientations = "UIInterfaceOrientationLandscapeLeft UIInterfaceOrientationLandscapeRight";
				INFOPLIST_KEY_UISupportedInterfaceOrientations_iPad = "UIInterfaceOrientationLandscapeLeft UIInterfaceOrientationLandscapeRight";
				INFOPLIST_KEY_UISupportedInterfaceOrientations_iPhone = "UIInterfaceOrientationLandscapeLeft UIInterfaceOrientationLandscapeRight";
				INFOPLIST_KEY_UIUserInterfaceStyle = Dark;
				IPHONEOS_DEPLOYMENT_TARGET = 14.6;
				LD_RUNPATH_SEARCH_PATHS = (
					"$(inherited)",
					"@executable_path/Frameworks",
				);
				MARKETING_VERSION = 1;
				PRODUCT_BUNDLE_IDENTIFIER = surf.devip.fairytale;
				PRODUCT_NAME = "$(TARGET_NAME)";
				PROVISIONING_PROFILE_SPECIFIER = "";
				SWIFT_EMIT_LOC_STRINGS = YES;
				SWIFT_OBJC_BRIDGING_HEADER = "Fairytales/Source/View/CarouselView/Fairytales-Bridging-Header.h";
				SWIFT_OPTIMIZATION_LEVEL = "-Onone";
				SWIFT_VERSION = 5.0;
				TARGETED_DEVICE_FAMILY = "1,2";
			};
			name = Debug;
		};
		7985DC36279EC6F8005459E0 /* Release */ = {
			isa = XCBuildConfiguration;
			buildSettings = {
				ASSETCATALOG_COMPILER_APPICON_NAME = AppIcon;
				ASSETCATALOG_COMPILER_GLOBAL_ACCENT_COLOR_NAME = AccentColor;
				CLANG_ENABLE_MODULES = YES;
				CODE_SIGN_IDENTITY = "Apple Development";
				CODE_SIGN_STYLE = Automatic;
				CURRENT_PROJECT_VERSION = 12;
				DEVELOPMENT_TEAM = GU282P75T9;
				GENERATE_INFOPLIST_FILE = YES;
				INFOPLIST_FILE = Fairytales/Application/Info.plist;
				INFOPLIST_KEY_CFBundleDisplayName = Fairytale;
				INFOPLIST_KEY_LSSupportsOpeningDocumentsInPlace = YES;
				INFOPLIST_KEY_NSUserTrackingUsageDescription = "This lets us connect to Facebook and improves our marketing. We will never show any ads inside of Fairytales.";
				INFOPLIST_KEY_UIApplicationSupportsIndirectInputEvents = YES;
				INFOPLIST_KEY_UILaunchStoryboardName = LaunchScreen;
				INFOPLIST_KEY_UIRequiresFullScreen = YES;
				INFOPLIST_KEY_UISupportedInterfaceOrientations = "UIInterfaceOrientationLandscapeLeft UIInterfaceOrientationLandscapeRight";
				INFOPLIST_KEY_UISupportedInterfaceOrientations_iPad = "UIInterfaceOrientationLandscapeLeft UIInterfaceOrientationLandscapeRight";
				INFOPLIST_KEY_UISupportedInterfaceOrientations_iPhone = "UIInterfaceOrientationLandscapeLeft UIInterfaceOrientationLandscapeRight";
				INFOPLIST_KEY_UIUserInterfaceStyle = Dark;
				IPHONEOS_DEPLOYMENT_TARGET = 14.6;
				LD_RUNPATH_SEARCH_PATHS = (
					"$(inherited)",
					"@executable_path/Frameworks",
				);
				MARKETING_VERSION = 1;
				PRODUCT_BUNDLE_IDENTIFIER = surf.devip.fairytale;
				PRODUCT_NAME = "$(TARGET_NAME)";
				PROVISIONING_PROFILE_SPECIFIER = "";
				SWIFT_EMIT_LOC_STRINGS = YES;
				SWIFT_OBJC_BRIDGING_HEADER = "Fairytales/Source/View/CarouselView/Fairytales-Bridging-Header.h";
				SWIFT_VERSION = 5.0;
				TARGETED_DEVICE_FAMILY = "1,2";
			};
			name = Release;
		};
/* End XCBuildConfiguration section */

/* Begin XCConfigurationList section */
		7985DC18279EC6F8005459E0 /* Build configuration list for PBXProject "Fairytales" */ = {
			isa = XCConfigurationList;
			buildConfigurations = (
				7985DC32279EC6F8005459E0 /* Debug */,
				7985DC33279EC6F8005459E0 /* Release */,
			);
			defaultConfigurationIsVisible = 0;
			defaultConfigurationName = Release;
		};
		7985DC34279EC6F8005459E0 /* Build configuration list for PBXNativeTarget "Fairytales" */ = {
			isa = XCConfigurationList;
			buildConfigurations = (
				7985DC35279EC6F8005459E0 /* Debug */,
				7985DC36279EC6F8005459E0 /* Release */,
			);
			defaultConfigurationIsVisible = 0;
			defaultConfigurationName = Release;
		};
/* End XCConfigurationList section */

/* Begin XCRemoteSwiftPackageReference section */
		794609C227BBCA65004CC0BB /* XCRemoteSwiftPackageReference "Kingfisher" */ = {
			isa = XCRemoteSwiftPackageReference;
			repositoryURL = "https://github.com/onevcat/Kingfisher";
			requirement = {
				branch = master;
				kind = branch;
			};
		};
		797D388B27A743CE0047C31B /* XCRemoteSwiftPackageReference "ApphudSDK" */ = {
			isa = XCRemoteSwiftPackageReference;
			repositoryURL = "https://github.com/apphud/ApphudSDK";
			requirement = {
				kind = exactVersion;
				version = 2.5.5;
			};
		};
		797D389B27A74D1E0047C31B /* XCRemoteSwiftPackageReference "facebook-ios-sdk" */ = {
			isa = XCRemoteSwiftPackageReference;
			repositoryURL = "https://github.com/facebook/facebook-ios-sdk";
			requirement = {
				kind = exactVersion;
				version = 12.3.1;
			};
		};
		797D389E27A74F8E0047C31B /* XCRemoteSwiftPackageReference "lottie-ios" */ = {
			isa = XCRemoteSwiftPackageReference;
			repositoryURL = "https://github.com/airbnb/lottie-ios";
			requirement = {
				branch = master;
				kind = branch;
			};
		};
		79B2A6C127B9ECE100188BC1 /* XCRemoteSwiftPackageReference "firebase-ios-sdk" */ = {
			isa = XCRemoteSwiftPackageReference;
			repositoryURL = "https://github.com/firebase/firebase-ios-sdk";
			requirement = {
				branch = master;
				kind = branch;
			};
		};
/* End XCRemoteSwiftPackageReference section */

/* Begin XCSwiftPackageProductDependency section */
		794609C327BBCA65004CC0BB /* Kingfisher */ = {
			isa = XCSwiftPackageProductDependency;
			package = 794609C227BBCA65004CC0BB /* XCRemoteSwiftPackageReference "Kingfisher" */;
			productName = Kingfisher;
		};
		797D388C27A743CE0047C31B /* ApphudSDK */ = {
			isa = XCSwiftPackageProductDependency;
			package = 797D388B27A743CE0047C31B /* XCRemoteSwiftPackageReference "ApphudSDK" */;
			productName = ApphudSDK;
		};
		797D389C27A74D1E0047C31B /* FacebookCore */ = {
			isa = XCSwiftPackageProductDependency;
			package = 797D389B27A74D1E0047C31B /* XCRemoteSwiftPackageReference "facebook-ios-sdk" */;
			productName = FacebookCore;
		};
		797D389F27A74F8F0047C31B /* Lottie */ = {
			isa = XCSwiftPackageProductDependency;
			package = 797D389E27A74F8E0047C31B /* XCRemoteSwiftPackageReference "lottie-ios" */;
			productName = Lottie;
		};
		79B2A6C227B9ECE100188BC1 /* FirebaseAuthCombine-Community */ = {
			isa = XCSwiftPackageProductDependency;
			package = 79B2A6C127B9ECE100188BC1 /* XCRemoteSwiftPackageReference "firebase-ios-sdk" */;
			productName = "FirebaseAuthCombine-Community";
		};
		79B2A6C427B9ECE100188BC1 /* FirebaseFirestoreCombine-Community */ = {
			isa = XCSwiftPackageProductDependency;
			package = 79B2A6C127B9ECE100188BC1 /* XCRemoteSwiftPackageReference "firebase-ios-sdk" */;
			productName = "FirebaseFirestoreCombine-Community";
		};
		79B2A6C627B9ECE100188BC1 /* FirebaseStorageCombine-Community */ = {
			isa = XCSwiftPackageProductDependency;
			package = 79B2A6C127B9ECE100188BC1 /* XCRemoteSwiftPackageReference "firebase-ios-sdk" */;
			productName = "FirebaseStorageCombine-Community";
		};
/* End XCSwiftPackageProductDependency section */

/* Begin XCVersionGroup section */
		7985DC29279EC6F8005459E0 /* Fairytales.xcdatamodeld */ = {
			isa = XCVersionGroup;
			children = (
				7985DC2A279EC6F8005459E0 /* Fairytales.xcdatamodel */,
			);
			currentVersion = 7985DC2A279EC6F8005459E0 /* Fairytales.xcdatamodel */;
			path = Fairytales.xcdatamodeld;
			sourceTree = "<group>";
			versionGroupType = wrapper.xcdatamodel;
		};
/* End XCVersionGroup section */
	};
	rootObject = 7985DC15279EC6F8005459E0 /* Project object */;
}
