// !$*UTF8*$!
{
	archiveVersion = 1;
	classes = {
	};
	objectVersion = 55;
	objects = {

/* Begin PBXBuildFile section */
		7985DC21279EC6F8005459E0 /* AppDelegate.swift in Sources */ = {isa = PBXBuildFile; fileRef = 7985DC20279EC6F8005459E0 /* AppDelegate.swift */; };
		7985DC23279EC6F8005459E0 /* SceneDelegate.swift in Sources */ = {isa = PBXBuildFile; fileRef = 7985DC22279EC6F8005459E0 /* SceneDelegate.swift */; };
		7985DC25279EC6F8005459E0 /* ViewController.swift in Sources */ = {isa = PBXBuildFile; fileRef = 7985DC24279EC6F8005459E0 /* ViewController.swift */; };
		7985DC28279EC6F8005459E0 /* Main.storyboard in Resources */ = {isa = PBXBuildFile; fileRef = 7985DC26279EC6F8005459E0 /* Main.storyboard */; };
		7985DC2B279EC6F8005459E0 /* Fairytales.xcdatamodeld in Sources */ = {isa = PBXBuildFile; fileRef = 7985DC29279EC6F8005459E0 /* Fairytales.xcdatamodeld */; };
		7985DC2D279EC6F8005459E0 /* Assets.xcassets in Resources */ = {isa = PBXBuildFile; fileRef = 7985DC2C279EC6F8005459E0 /* Assets.xcassets */; };
		7985DC30279EC6F8005459E0 /* LaunchScreen.storyboard in Resources */ = {isa = PBXBuildFile; fileRef = 7985DC2E279EC6F8005459E0 /* LaunchScreen.storyboard */; };
/* End PBXBuildFile section */

/* Begin PBXFileReference section */
		7985DC1D279EC6F8005459E0 /* Fairytales.app */ = {isa = PBXFileReference; explicitFileType = wrapper.application; includeInIndex = 0; path = Fairytales.app; sourceTree = BUILT_PRODUCTS_DIR; };
		7985DC20279EC6F8005459E0 /* AppDelegate.swift */ = {isa = PBXFileReference; lastKnownFileType = sourcecode.swift; path = AppDelegate.swift; sourceTree = "<group>"; };
		7985DC22279EC6F8005459E0 /* SceneDelegate.swift */ = {isa = PBXFileReference; lastKnownFileType = sourcecode.swift; path = SceneDelegate.swift; sourceTree = "<group>"; };
		7985DC24279EC6F8005459E0 /* ViewController.swift */ = {isa = PBXFileReference; lastKnownFileType = sourcecode.swift; path = ViewController.swift; sourceTree = "<group>"; };
		7985DC27279EC6F8005459E0 /* Base */ = {isa = PBXFileReference; lastKnownFileType = file.storyboard; name = Base; path = Base.lproj/Main.storyboard; sourceTree = "<group>"; };
		7985DC2A279EC6F8005459E0 /* Fairytales.xcdatamodel */ = {isa = PBXFileReference; lastKnownFileType = wrapper.xcdatamodel; path = Fairytales.xcdatamodel; sourceTree = "<group>"; };
		7985DC2C279EC6F8005459E0 /* Assets.xcassets */ = {isa = PBXFileReference; lastKnownFileType = folder.assetcatalog; path = Assets.xcassets; sourceTree = "<group>"; };
		7985DC2F279EC6F8005459E0 /* Base */ = {isa = PBXFileReference; lastKnownFileType = file.storyboard; name = Base; path = Base.lproj/LaunchScreen.storyboard; sourceTree = "<group>"; };
		7985DC31279EC6F8005459E0 /* Info.plist */ = {isa = PBXFileReference; lastKnownFileType = text.plist.xml; path = Info.plist; sourceTree = "<group>"; };
/* End PBXFileReference section */

/* Begin PBXFrameworksBuildPhase section */
		7985DC1A279EC6F8005459E0 /* Frameworks */ = {
			isa = PBXFrameworksBuildPhase;
			buildActionMask = 2147483647;
			files = (
			);
			runOnlyForDeploymentPostprocessing = 0;
		};
/* End PBXFrameworksBuildPhase section */

/* Begin PBXGroup section */
		7985DC14279EC6F8005459E0 = {
			isa = PBXGroup;
			children = (
				7985DC1F279EC6F8005459E0 /* Fairytales */,
				7985DC1E279EC6F8005459E0 /* Products */,
			);
			sourceTree = "<group>";
		};
		7985DC1E279EC6F8005459E0 /* Products */ = {
			isa = PBXGroup;
			children = (
				7985DC1D279EC6F8005459E0 /* Fairytales.app */,
			);
			name = Products;
			sourceTree = "<group>";
		};
		7985DC1F279EC6F8005459E0 /* Fairytales */ = {
			isa = PBXGroup;
			children = (
				7985DC20279EC6F8005459E0 /* AppDelegate.swift */,
				7985DC22279EC6F8005459E0 /* SceneDelegate.swift */,
				7985DC24279EC6F8005459E0 /* ViewController.swift */,
				7985DC26279EC6F8005459E0 /* Main.storyboard */,
				7985DC2C279EC6F8005459E0 /* Assets.xcassets */,
				7985DC2E279EC6F8005459E0 /* LaunchScreen.storyboard */,
				7985DC31279EC6F8005459E0 /* Info.plist */,
				7985DC29279EC6F8005459E0 /* Fairytales.xcdatamodeld */,
			);
			path = Fairytales;
			sourceTree = "<group>";
		};
/* End PBXGroup section */

/* Begin PBXNativeTarget section */
		7985DC1C279EC6F8005459E0 /* Fairytales */ = {
			isa = PBXNativeTarget;
			buildConfigurationList = 7985DC34279EC6F8005459E0 /* Build configuration list for PBXNativeTarget "Fairytales" */;
			buildPhases = (
				7985DC19279EC6F8005459E0 /* Sources */,
				7985DC1A279EC6F8005459E0 /* Frameworks */,
				7985DC1B279EC6F8005459E0 /* Resources */,
			);
			buildRules = (
			);
			dependencies = (
			);
			name = Fairytales;
			productName = Fairytales;
			productReference = 7985DC1D279EC6F8005459E0 /* Fairytales.app */;
			productType = "com.apple.product-type.application";
		};
/* End PBXNativeTarget section */

/* Begin PBXProject section */
		7985DC15279EC6F8005459E0 /* Project object */ = {
			isa = PBXProject;
			attributes = {
				BuildIndependentTargetsInParallel = 1;
				LastSwiftUpdateCheck = 1310;
				LastUpgradeCheck = 1310;
				TargetAttributes = {
					7985DC1C279EC6F8005459E0 = {
						CreatedOnToolsVersion = 13.1;
					};
				};
			};
			buildConfigurationList = 7985DC18279EC6F8005459E0 /* Build configuration list for PBXProject "Fairytales" */;
			compatibilityVersion = "Xcode 13.0";
			developmentRegion = en;
			hasScannedForEncodings = 0;
			knownRegions = (
				en,
				Base,
			);
			mainGroup = 7985DC14279EC6F8005459E0;
			productRefGroup = 7985DC1E279EC6F8005459E0 /* Products */;
			projectDirPath = "";
			projectRoot = "";
			targets = (
				7985DC1C279EC6F8005459E0 /* Fairytales */,
			);
		};
/* End PBXProject section */

/* Begin PBXResourcesBuildPhase section */
		7985DC1B279EC6F8005459E0 /* Resources */ = {
			isa = PBXResourcesBuildPhase;
			buildActionMask = 2147483647;
			files = (
				7985DC30279EC6F8005459E0 /* LaunchScreen.storyboard in Resources */,
				7985DC2D279EC6F8005459E0 /* Assets.xcassets in Resources */,
				7985DC28279EC6F8005459E0 /* Main.storyboard in Resources */,
			);
			runOnlyForDeploymentPostprocessing = 0;
		};
/* End PBXResourcesBuildPhase section */

/* Begin PBXSourcesBuildPhase section */
		7985DC19279EC6F8005459E0 /* Sources */ = {
			isa = PBXSourcesBuildPhase;
			buildActionMask = 2147483647;
			files = (
				7985DC25279EC6F8005459E0 /* ViewController.swift in Sources */,
				7985DC21279EC6F8005459E0 /* AppDelegate.swift in Sources */,
				7985DC23279EC6F8005459E0 /* SceneDelegate.swift in Sources */,
				7985DC2B279EC6F8005459E0 /* Fairytales.xcdatamodeld in Sources */,
			);
			runOnlyForDeploymentPostprocessing = 0;
		};
/* End PBXSourcesBuildPhase section */

/* Begin PBXVariantGroup section */
		7985DC26279EC6F8005459E0 /* Main.storyboard */ = {
			isa = PBXVariantGroup;
			children = (
				7985DC27279EC6F8005459E0 /* Base */,
			);
			name = Main.storyboard;
			sourceTree = "<group>";
		};
		7985DC2E279EC6F8005459E0 /* LaunchScreen.storyboard */ = {
			isa = PBXVariantGroup;
			children = (
				7985DC2F279EC6F8005459E0 /* Base */,
			);
			name = LaunchScreen.storyboard;
			sourceTree = "<group>";
		};
/* End PBXVariantGroup section */

/* Begin XCBuildConfiguration section */
		7985DC32279EC6F8005459E0 /* Debug */ = {
			isa = XCBuildConfiguration;
			buildSettings = {
				ALWAYS_SEARCH_USER_PATHS = NO;
				CLANG_ANALYZER_NONNULL = YES;
				CLANG_ANALYZER_NUMBER_OBJECT_CONVERSION = YES_AGGRESSIVE;
				CLANG_CXX_LANGUAGE_STANDARD = "gnu++17";
				CLANG_CXX_LIBRARY = "libc++";
				CLANG_ENABLE_MODULES = YES;
				CLANG_ENABLE_OBJC_ARC = YES;
				CLANG_ENABLE_OBJC_WEAK = YES;
				CLANG_WARN_BLOCK_CAPTURE_AUTORELEASING = YES;
				CLANG_WARN_BOOL_CONVERSION = YES;
				CLANG_WARN_COMMA = YES;
				CLANG_WARN_CONSTANT_CONVERSION = YES;
				CLANG_WARN_DEPRECATED_OBJC_IMPLEMENTATIONS = YES;
				CLANG_WARN_DIRECT_OBJC_ISA_USAGE = YES_ERROR;
				CLANG_WARN_DOCUMENTATION_COMMENTS = YES;
				CLANG_WARN_EMPTY_BODY = YES;
				CLANG_WARN_ENUM_CONVERSION = YES;
				CLANG_WARN_INFINITE_RECURSION = YES;
				CLANG_WARN_INT_CONVERSION = YES;
				CLANG_WARN_NON_LITERAL_NULL_CONVERSION = YES;
				CLANG_WARN_OBJC_IMPLICIT_RETAIN_SELF = YES;
				CLANG_WARN_OBJC_LITERAL_CONVERSION = YES;
				CLANG_WARN_OBJC_ROOT_CLASS = YES_ERROR;
				CLANG_WARN_QUOTED_INCLUDE_IN_FRAMEWORK_HEADER = YES;
				CLANG_WARN_RANGE_LOOP_ANALYSIS = YES;
				CLANG_WARN_STRICT_PROTOTYPES = YES;
				CLANG_WARN_SUSPICIOUS_MOVE = YES;
				CLANG_WARN_UNGUARDED_AVAILABILITY = YES_AGGRESSIVE;
				CLANG_WARN_UNREACHABLE_CODE = YES;
				CLANG_WARN__DUPLICATE_METHOD_MATCH = YES;
				COPY_PHASE_STRIP = NO;
				DEBUG_INFORMATION_FORMAT = dwarf;
				ENABLE_STRICT_OBJC_MSGSEND = YES;
				ENABLE_TESTABILITY = YES;
				GCC_C_LANGUAGE_STANDARD = gnu11;
				GCC_DYNAMIC_NO_PIC = NO;
				GCC_NO_COMMON_BLOCKS = YES;
				GCC_OPTIMIZATION_LEVEL = 0;
				GCC_PREPROCESSOR_DEFINITIONS = (
					"DEBUG=1",
					"$(inherited)",
				);
				GCC_WARN_64_TO_32_BIT_CONVERSION = YES;
				GCC_WARN_ABOUT_RETURN_TYPE = YES_ERROR;
				GCC_WARN_UNDECLARED_SELECTOR = YES;
				GCC_WARN_UNINITIALIZED_AUTOS = YES_AGGRESSIVE;
				GCC_WARN_UNUSED_FUNCTION = YES;
				GCC_WARN_UNUSED_VARIABLE = YES;
				IPHONEOS_DEPLOYMENT_TARGET = 15.0;
				MTL_ENABLE_DEBUG_INFO = INCLUDE_SOURCE;
				MTL_FAST_MATH = YES;
				ONLY_ACTIVE_ARCH = YES;
				SDKROOT = iphoneos;
				SWIFT_ACTIVE_COMPILATION_CONDITIONS = DEBUG;
				SWIFT_OPTIMIZATION_LEVEL = "-Onone";
			};
			name = Debug;
		};
		7985DC33279EC6F8005459E0 /* Release */ = {
			isa = XCBuildConfiguration;
			buildSettings = {
				ALWAYS_SEARCH_USER_PATHS = NO;
				CLANG_ANALYZER_NONNULL = YES;
				CLANG_ANALYZER_NUMBER_OBJECT_CONVERSION = YES_AGGRESSIVE;
				CLANG_CXX_LANGUAGE_STANDARD = "gnu++17";
				CLANG_CXX_LIBRARY = "libc++";
				CLANG_ENABLE_MODULES = YES;
				CLANG_ENABLE_OBJC_ARC = YES;
				CLANG_ENABLE_OBJC_WEAK = YES;
				CLANG_WARN_BLOCK_CAPTURE_AUTORELEASING = YES;
				CLANG_WARN_BOOL_CONVERSION = YES;
				CLANG_WARN_COMMA = YES;
				CLANG_WARN_CONSTANT_CONVERSION = YES;
				CLANG_WARN_DEPRECATED_OBJC_IMPLEMENTATIONS = YES;
				CLANG_WARN_DIRECT_OBJC_ISA_USAGE = YES_ERROR;
				CLANG_WARN_DOCUMENTATION_COMMENTS = YES;
				CLANG_WARN_EMPTY_BODY = YES;
				CLANG_WARN_ENUM_CONVERSION = YES;
				CLANG_WARN_INFINITE_RECURSION = YES;
				CLANG_WARN_INT_CONVERSION = YES;
				CLANG_WARN_NON_LITERAL_NULL_CONVERSION = YES;
				CLANG_WARN_OBJC_IMPLICIT_RETAIN_SELF = YES;
				CLANG_WARN_OBJC_LITERAL_CONVERSION = YES;
				CLANG_WARN_OBJC_ROOT_CLASS = YES_ERROR;
				CLANG_WARN_QUOTED_INCLUDE_IN_FRAMEWORK_HEADER = YES;
				CLANG_WARN_RANGE_LOOP_ANALYSIS = YES;
				CLANG_WARN_STRICT_PROTOTYPES = YES;
				CLANG_WARN_SUSPICIOUS_MOVE = YES;
				CLANG_WARN_UNGUARDED_AVAILABILITY = YES_AGGRESSIVE;
				CLANG_WARN_UNREACHABLE_CODE = YES;
				CLANG_WARN__DUPLICATE_METHOD_MATCH = YES;
				COPY_PHASE_STRIP = NO;
				DEBUG_INFORMATION_FORMAT = "dwarf-with-dsym";
				ENABLE_NS_ASSERTIONS = NO;
				ENABLE_STRICT_OBJC_MSGSEND = YES;
				GCC_C_LANGUAGE_STANDARD = gnu11;
				GCC_NO_COMMON_BLOCKS = YES;
				GCC_WARN_64_TO_32_BIT_CONVERSION = YES;
				GCC_WARN_ABOUT_RETURN_TYPE = YES_ERROR;
				GCC_WARN_UNDECLARED_SELECTOR = YES;
				GCC_WARN_UNINITIALIZED_AUTOS = YES_AGGRESSIVE;
				GCC_WARN_UNUSED_FUNCTION = YES;
				GCC_WARN_UNUSED_VARIABLE = YES;
				IPHONEOS_DEPLOYMENT_TARGET = 15.0;
				MTL_ENABLE_DEBUG_INFO = NO;
				MTL_FAST_MATH = YES;
				SDKROOT = iphoneos;
				SWIFT_COMPILATION_MODE = wholemodule;
				SWIFT_OPTIMIZATION_LEVEL = "-O";
				VALIDATE_PRODUCT = YES;
			};
			name = Release;
		};
		7985DC35279EC6F8005459E0 /* Debug */ = {
			isa = XCBuildConfiguration;
			buildSettings = {
				ASSETCATALOG_COMPILER_APPICON_NAME = AppIcon;
				ASSETCATALOG_COMPILER_GLOBAL_ACCENT_COLOR_NAME = AccentColor;
				CODE_SIGN_STYLE = Automatic;
				CURRENT_PROJECT_VERSION = 1;
				DEVELOPMENT_TEAM = D9V3HFAUTY;
				GENERATE_INFOPLIST_FILE = YES;
				INFOPLIST_FILE = Fairytales/Info.plist;
				INFOPLIST_KEY_UIApplicationSupportsIndirectInputEvents = YES;
				INFOPLIST_KEY_UILaunchStoryboardName = LaunchScreen;
				INFOPLIST_KEY_UIMainStoryboardFile = Main;
				INFOPLIST_KEY_UISupportedInterfaceOrientations_iPad = "UIInterfaceOrientationPortrait UIInterfaceOrientationPortraitUpsideDown UIInterfaceOrientationLandscapeLeft UIInterfaceOrientationLandscapeRight";
				INFOPLIST_KEY_UISupportedInterfaceOrientations_iPhone = "UIInterfaceOrientationPortrait UIInterfaceOrientationLandscapeLeft UIInterfaceOrientationLandscapeRight";
				LD_RUNPATH_SEARCH_PATHS = (
					"$(inherited)",
					"@executable_path/Frameworks",
				);
				MARKETING_VERSION = 1.0;
				PRODUCT_BUNDLE_IDENTIFIER = tech.smedia.Fairytales;
				PRODUCT_NAME = "$(TARGET_NAME)";
				SWIFT_EMIT_LOC_STRINGS = YES;
				SWIFT_VERSION = 5.0;
				TARGETED_DEVICE_FAMILY = "1,2";
			};
			name = Debug;
		};
		7985DC36279EC6F8005459E0 /* Release */ = {
			isa = XCBuildConfiguration;
			buildSettings = {
				ASSETCATALOG_COMPILER_APPICON_NAME = AppIcon;
				ASSETCATALOG_COMPILER_GLOBAL_ACCENT_COLOR_NAME = AccentColor;
				CODE_SIGN_STYLE = Automatic;
				CURRENT_PROJECT_VERSION = 1;
				DEVELOPMENT_TEAM = D9V3HFAUTY;
				GENERATE_INFOPLIST_FILE = YES;
				INFOPLIST_FILE = Fairytales/Info.plist;
				INFOPLIST_KEY_UIApplicationSupportsIndirectInputEvents = YES;
				INFOPLIST_KEY_UILaunchStoryboardName = LaunchScreen;
				INFOPLIST_KEY_UIMainStoryboardFile = Main;
				INFOPLIST_KEY_UISupportedInterfaceOrientations_iPad = "UIInterfaceOrientationPortrait UIInterfaceOrientationPortraitUpsideDown UIInterfaceOrientationLandscapeLeft UIInterfaceOrientationLandscapeRight";
				INFOPLIST_KEY_UISupportedInterfaceOrientations_iPhone = "UIInterfaceOrientationPortrait UIInterfaceOrientationLandscapeLeft UIInterfaceOrientationLandscapeRight";
				LD_RUNPATH_SEARCH_PATHS = (
					"$(inherited)",
					"@executable_path/Frameworks",
				);
				MARKETING_VERSION = 1.0;
				PRODUCT_BUNDLE_IDENTIFIER = tech.smedia.Fairytales;
				PRODUCT_NAME = "$(TARGET_NAME)";
				SWIFT_EMIT_LOC_STRINGS = YES;
				SWIFT_VERSION = 5.0;
				TARGETED_DEVICE_FAMILY = "1,2";
			};
			name = Release;
		};
/* End XCBuildConfiguration section */

/* Begin XCConfigurationList section */
		7985DC18279EC6F8005459E0 /* Build configuration list for PBXProject "Fairytales" */ = {
			isa = XCConfigurationList;
			buildConfigurations = (
				7985DC32279EC6F8005459E0 /* Debug */,
				7985DC33279EC6F8005459E0 /* Release */,
			);
			defaultConfigurationIsVisible = 0;
			defaultConfigurationName = Release;
		};
		7985DC34279EC6F8005459E0 /* Build configuration list for PBXNativeTarget "Fairytales" */ = {
			isa = XCConfigurationList;
			buildConfigurations = (
				7985DC35279EC6F8005459E0 /* Debug */,
				7985DC36279EC6F8005459E0 /* Release */,
			);
			defaultConfigurationIsVisible = 0;
			defaultConfigurationName = Release;
		};
/* End XCConfigurationList section */

/* Begin XCVersionGroup section */
		7985DC29279EC6F8005459E0 /* Fairytales.xcdatamodeld */ = {
			isa = XCVersionGroup;
			children = (
				7985DC2A279EC6F8005459E0 /* Fairytales.xcdatamodel */,
			);
			currentVersion = 7985DC2A279EC6F8005459E0 /* Fairytales.xcdatamodel */;
			path = Fairytales.xcdatamodeld;
			sourceTree = "<group>";
			versionGroupType = wrapper.xcdatamodel;
		};
/* End XCVersionGroup section */
	};
	rootObject = 7985DC15279EC6F8005459E0 /* Project object */;
}
